// !$*UTF8*$!
{
	archiveVersion = 1;
	classes = {
	};
	objectVersion = 50;
	objects = {

/* Begin PBXBuildFile section */
		C22149CD2622F81F00F758C0 /* AppDelegate.swift in Sources */ = {isa = PBXBuildFile; fileRef = C22149CC2622F81F00F758C0 /* AppDelegate.swift */; };
		C22149CF2622F81F00F758C0 /* SceneDelegate.swift in Sources */ = {isa = PBXBuildFile; fileRef = C22149CE2622F81F00F758C0 /* SceneDelegate.swift */; };
		C22149D12622F81F00F758C0 /* ViewController.swift in Sources */ = {isa = PBXBuildFile; fileRef = C22149D02622F81F00F758C0 /* ViewController.swift */; };
		C22149D42622F81F00F758C0 /* Main.storyboard in Resources */ = {isa = PBXBuildFile; fileRef = C22149D22622F81F00F758C0 /* Main.storyboard */; };
		C22149D62622F82000F758C0 /* Assets.xcassets in Resources */ = {isa = PBXBuildFile; fileRef = C22149D52622F82000F758C0 /* Assets.xcassets */; };
		C22149D92622F82000F758C0 /* LaunchScreen.storyboard in Resources */ = {isa = PBXBuildFile; fileRef = C22149D72622F82000F758C0 /* LaunchScreen.storyboard */; };
		C22149EF2622F82000F758C0 /* OutletConnectionsUITests.swift in Sources */ = {isa = PBXBuildFile; fileRef = C22149EE2622F82000F758C0 /* OutletConnectionsUITests.swift */; };
		C2214A012622F84D00F758C0 /* OutletConnectionsViewController.swift in Sources */ = {isa = PBXBuildFile; fileRef = C22149FF2622F84D00F758C0 /* OutletConnectionsViewController.swift */; };
		C2214A022622F84D00F758C0 /* OutletConnectionsViewController.xib in Resources */ = {isa = PBXBuildFile; fileRef = C2214A002622F84D00F758C0 /* OutletConnectionsViewController.xib */; };
		C2214A072622F90D00F758C0 /* OutletConnectionsViewControllerTests.swift in Sources */ = {isa = PBXBuildFile; fileRef = C2214A062622F90D00F758C0 /* OutletConnectionsViewControllerTests.swift */; };
/* End PBXBuildFile section */

/* Begin PBXContainerItemProxy section */
		C22149E02622F82000F758C0 /* PBXContainerItemProxy */ = {
			isa = PBXContainerItemProxy;
			containerPortal = C22149C12622F81F00F758C0 /* Project object */;
			proxyType = 1;
			remoteGlobalIDString = C22149C82622F81F00F758C0;
			remoteInfo = OutletConnections;
		};
		C22149EB2622F82000F758C0 /* PBXContainerItemProxy */ = {
			isa = PBXContainerItemProxy;
			containerPortal = C22149C12622F81F00F758C0 /* Project object */;
			proxyType = 1;
			remoteGlobalIDString = C22149C82622F81F00F758C0;
			remoteInfo = OutletConnections;
		};
/* End PBXContainerItemProxy section */

/* Begin PBXFileReference section */
		C22149C92622F81F00F758C0 /* OutletConnections.app */ = {isa = PBXFileReference; explicitFileType = wrapper.application; includeInIndex = 0; path = OutletConnections.app; sourceTree = BUILT_PRODUCTS_DIR; };
		C22149CC2622F81F00F758C0 /* AppDelegate.swift */ = {isa = PBXFileReference; lastKnownFileType = sourcecode.swift; path = AppDelegate.swift; sourceTree = "<group>"; };
		C22149CE2622F81F00F758C0 /* SceneDelegate.swift */ = {isa = PBXFileReference; lastKnownFileType = sourcecode.swift; path = SceneDelegate.swift; sourceTree = "<group>"; };
		C22149D02622F81F00F758C0 /* ViewController.swift */ = {isa = PBXFileReference; lastKnownFileType = sourcecode.swift; path = ViewController.swift; sourceTree = "<group>"; };
		C22149D32622F81F00F758C0 /* Base */ = {isa = PBXFileReference; lastKnownFileType = file.storyboard; name = Base; path = Base.lproj/Main.storyboard; sourceTree = "<group>"; };
		C22149D52622F82000F758C0 /* Assets.xcassets */ = {isa = PBXFileReference; lastKnownFileType = folder.assetcatalog; path = Assets.xcassets; sourceTree = "<group>"; };
		C22149D82622F82000F758C0 /* Base */ = {isa = PBXFileReference; lastKnownFileType = file.storyboard; name = Base; path = Base.lproj/LaunchScreen.storyboard; sourceTree = "<group>"; };
		C22149DA2622F82000F758C0 /* Info.plist */ = {isa = PBXFileReference; lastKnownFileType = text.plist.xml; path = Info.plist; sourceTree = "<group>"; };
		C22149DF2622F82000F758C0 /* OutletConnectionsTests.xctest */ = {isa = PBXFileReference; explicitFileType = wrapper.cfbundle; includeInIndex = 0; path = OutletConnectionsTests.xctest; sourceTree = BUILT_PRODUCTS_DIR; };
		C22149E52622F82000F758C0 /* Info.plist */ = {isa = PBXFileReference; lastKnownFileType = text.plist.xml; path = Info.plist; sourceTree = "<group>"; };
		C22149EA2622F82000F758C0 /* OutletConnectionsUITests.xctest */ = {isa = PBXFileReference; explicitFileType = wrapper.cfbundle; includeInIndex = 0; path = OutletConnectionsUITests.xctest; sourceTree = BUILT_PRODUCTS_DIR; };
		C22149EE2622F82000F758C0 /* OutletConnectionsUITests.swift */ = {isa = PBXFileReference; lastKnownFileType = sourcecode.swift; path = OutletConnectionsUITests.swift; sourceTree = "<group>"; };
		C22149F02622F82000F758C0 /* Info.plist */ = {isa = PBXFileReference; lastKnownFileType = text.plist.xml; path = Info.plist; sourceTree = "<group>"; };
		C22149FF2622F84D00F758C0 /* OutletConnectionsViewController.swift */ = {isa = PBXFileReference; lastKnownFileType = sourcecode.swift; path = OutletConnectionsViewController.swift; sourceTree = "<group>"; };
		C2214A002622F84D00F758C0 /* OutletConnectionsViewController.xib */ = {isa = PBXFileReference; lastKnownFileType = file.xib; path = OutletConnectionsViewController.xib; sourceTree = "<group>"; };
		C2214A062622F90D00F758C0 /* OutletConnectionsViewControllerTests.swift */ = {isa = PBXFileReference; lastKnownFileType = sourcecode.swift; path = OutletConnectionsViewControllerTests.swift; sourceTree = "<group>"; };
/* End PBXFileReference section */

/* Begin PBXFrameworksBuildPhase section */
		C22149C62622F81F00F758C0 /* Frameworks */ = {
			isa = PBXFrameworksBuildPhase;
			buildActionMask = 2147483647;
			files = (
			);
			runOnlyForDeploymentPostprocessing = 0;
		};
		C22149DC2622F82000F758C0 /* Frameworks */ = {
			isa = PBXFrameworksBuildPhase;
			buildActionMask = 2147483647;
			files = (
			);
			runOnlyForDeploymentPostprocessing = 0;
		};
		C22149E72622F82000F758C0 /* Frameworks */ = {
			isa = PBXFrameworksBuildPhase;
			buildActionMask = 2147483647;
			files = (
			);
			runOnlyForDeploymentPostprocessing = 0;
		};
/* End PBXFrameworksBuildPhase section */

/* Begin PBXGroup section */
		C22149C02622F81F00F758C0 = {
			isa = PBXGroup;
			children = (
				C22149CB2622F81F00F758C0 /* OutletConnections */,
				C22149E22622F82000F758C0 /* OutletConnectionsTests */,
				C22149ED2622F82000F758C0 /* OutletConnectionsUITests */,
				C22149CA2622F81F00F758C0 /* Products */,
			);
			sourceTree = "<group>";
		};
		C22149CA2622F81F00F758C0 /* Products */ = {
			isa = PBXGroup;
			children = (
				C22149C92622F81F00F758C0 /* OutletConnections.app */,
				C22149DF2622F82000F758C0 /* OutletConnectionsTests.xctest */,
				C22149EA2622F82000F758C0 /* OutletConnectionsUITests.xctest */,
			);
			name = Products;
			sourceTree = "<group>";
		};
		C22149CB2622F81F00F758C0 /* OutletConnections */ = {
			isa = PBXGroup;
			children = (
				C22149CC2622F81F00F758C0 /* AppDelegate.swift */,
				C22149CE2622F81F00F758C0 /* SceneDelegate.swift */,
				C22149D02622F81F00F758C0 /* ViewController.swift */,
				C22149D22622F81F00F758C0 /* Main.storyboard */,
				C22149D52622F82000F758C0 /* Assets.xcassets */,
				C22149D72622F82000F758C0 /* LaunchScreen.storyboard */,
				C22149DA2622F82000F758C0 /* Info.plist */,
				C22149FF2622F84D00F758C0 /* OutletConnectionsViewController.swift */,
				C2214A002622F84D00F758C0 /* OutletConnectionsViewController.xib */,
			);
			path = OutletConnections;
			sourceTree = "<group>";
		};
		C22149E22622F82000F758C0 /* OutletConnectionsTests */ = {
			isa = PBXGroup;
			children = (
				C2214A062622F90D00F758C0 /* OutletConnectionsViewControllerTests.swift */,
				C22149E52622F82000F758C0 /* Info.plist */,
			);
			path = OutletConnectionsTests;
			sourceTree = "<group>";
		};
		C22149ED2622F82000F758C0 /* OutletConnectionsUITests */ = {
			isa = PBXGroup;
			children = (
				C22149EE2622F82000F758C0 /* OutletConnectionsUITests.swift */,
				C22149F02622F82000F758C0 /* Info.plist */,
			);
			path = OutletConnectionsUITests;
			sourceTree = "<group>";
		};
/* End PBXGroup section */

/* Begin PBXNativeTarget section */
		C22149C82622F81F00F758C0 /* OutletConnections */ = {
			isa = PBXNativeTarget;
			buildConfigurationList = C22149F32622F82000F758C0 /* Build configuration list for PBXNativeTarget "OutletConnections" */;
			buildPhases = (
				C22149C52622F81F00F758C0 /* Sources */,
				C22149C62622F81F00F758C0 /* Frameworks */,
				C22149C72622F81F00F758C0 /* Resources */,
			);
			buildRules = (
			);
			dependencies = (
			);
			name = OutletConnections;
			productName = OutletConnections;
			productReference = C22149C92622F81F00F758C0 /* OutletConnections.app */;
			productType = "com.apple.product-type.application";
		};
		C22149DE2622F82000F758C0 /* OutletConnectionsTests */ = {
			isa = PBXNativeTarget;
			buildConfigurationList = C22149F62622F82000F758C0 /* Build configuration list for PBXNativeTarget "OutletConnectionsTests" */;
			buildPhases = (
				C22149DB2622F82000F758C0 /* Sources */,
				C22149DC2622F82000F758C0 /* Frameworks */,
				C22149DD2622F82000F758C0 /* Resources */,
			);
			buildRules = (
			);
			dependencies = (
				C22149E12622F82000F758C0 /* PBXTargetDependency */,
			);
			name = OutletConnectionsTests;
			productName = OutletConnectionsTests;
			productReference = C22149DF2622F82000F758C0 /* OutletConnectionsTests.xctest */;
			productType = "com.apple.product-type.bundle.unit-test";
		};
		C22149E92622F82000F758C0 /* OutletConnectionsUITests */ = {
			isa = PBXNativeTarget;
			buildConfigurationList = C22149F92622F82000F758C0 /* Build configuration list for PBXNativeTarget "OutletConnectionsUITests" */;
			buildPhases = (
				C22149E62622F82000F758C0 /* Sources */,
				C22149E72622F82000F758C0 /* Frameworks */,
				C22149E82622F82000F758C0 /* Resources */,
			);
			buildRules = (
			);
			dependencies = (
				C22149EC2622F82000F758C0 /* PBXTargetDependency */,
			);
			name = OutletConnectionsUITests;
			productName = OutletConnectionsUITests;
			productReference = C22149EA2622F82000F758C0 /* OutletConnectionsUITests.xctest */;
			productType = "com.apple.product-type.bundle.ui-testing";
		};
/* End PBXNativeTarget section */

/* Begin PBXProject section */
		C22149C12622F81F00F758C0 /* Project object */ = {
			isa = PBXProject;
			attributes = {
				LastSwiftUpdateCheck = 1240;
				LastUpgradeCheck = 1240;
				TargetAttributes = {
					C22149C82622F81F00F758C0 = {
						CreatedOnToolsVersion = 12.4;
					};
					C22149DE2622F82000F758C0 = {
						CreatedOnToolsVersion = 12.4;
						TestTargetID = C22149C82622F81F00F758C0;
					};
					C22149E92622F82000F758C0 = {
						CreatedOnToolsVersion = 12.4;
						TestTargetID = C22149C82622F81F00F758C0;
					};
				};
			};
			buildConfigurationList = C22149C42622F81F00F758C0 /* Build configuration list for PBXProject "OutletConnections" */;
			compatibilityVersion = "Xcode 9.3";
			developmentRegion = en;
			hasScannedForEncodings = 0;
			knownRegions = (
				en,
				Base,
			);
			mainGroup = C22149C02622F81F00F758C0;
			productRefGroup = C22149CA2622F81F00F758C0 /* Products */;
			projectDirPath = "";
			projectRoot = "";
			targets = (
				C22149C82622F81F00F758C0 /* OutletConnections */,
				C22149DE2622F82000F758C0 /* OutletConnectionsTests */,
				C22149E92622F82000F758C0 /* OutletConnectionsUITests */,
			);
		};
/* End PBXProject section */

/* Begin PBXResourcesBuildPhase section */
		C22149C72622F81F00F758C0 /* Resources */ = {
			isa = PBXResourcesBuildPhase;
			buildActionMask = 2147483647;
			files = (
				C22149D92622F82000F758C0 /* LaunchScreen.storyboard in Resources */,
				C22149D62622F82000F758C0 /* Assets.xcassets in Resources */,
				C22149D42622F81F00F758C0 /* Main.storyboard in Resources */,
				C2214A022622F84D00F758C0 /* OutletConnectionsViewController.xib in Resources */,
			);
			runOnlyForDeploymentPostprocessing = 0;
		};
		C22149DD2622F82000F758C0 /* Resources */ = {
			isa = PBXResourcesBuildPhase;
			buildActionMask = 2147483647;
			files = (
			);
			runOnlyForDeploymentPostprocessing = 0;
		};
		C22149E82622F82000F758C0 /* Resources */ = {
			isa = PBXResourcesBuildPhase;
			buildActionMask = 2147483647;
			files = (
			);
			runOnlyForDeploymentPostprocessing = 0;
		};
/* End PBXResourcesBuildPhase section */

/* Begin PBXSourcesBuildPhase section */
		C22149C52622F81F00F758C0 /* Sources */ = {
			isa = PBXSourcesBuildPhase;
			buildActionMask = 2147483647;
			files = (
				C22149D12622F81F00F758C0 /* ViewController.swift in Sources */,
				C22149CD2622F81F00F758C0 /* AppDelegate.swift in Sources */,
				C22149CF2622F81F00F758C0 /* SceneDelegate.swift in Sources */,
				C2214A012622F84D00F758C0 /* OutletConnectionsViewController.swift in Sources */,
			);
			runOnlyForDeploymentPostprocessing = 0;
		};
		C22149DB2622F82000F758C0 /* Sources */ = {
			isa = PBXSourcesBuildPhase;
			buildActionMask = 2147483647;
			files = (
				C2214A072622F90D00F758C0 /* OutletConnectionsViewControllerTests.swift in Sources */,
			);
			runOnlyForDeploymentPostprocessing = 0;
		};
		C22149E62622F82000F758C0 /* Sources */ = {
			isa = PBXSourcesBuildPhase;
			buildActionMask = 2147483647;
			files = (
				C22149EF2622F82000F758C0 /* OutletConnectionsUITests.swift in Sources */,
			);
			runOnlyForDeploymentPostprocessing = 0;
		};
/* End PBXSourcesBuildPhase section */

/* Begin PBXTargetDependency section */
		C22149E12622F82000F758C0 /* PBXTargetDependency */ = {
			isa = PBXTargetDependency;
			target = C22149C82622F81F00F758C0 /* OutletConnections */;
			targetProxy = C22149E02622F82000F758C0 /* PBXContainerItemProxy */;
		};
		C22149EC2622F82000F758C0 /* PBXTargetDependency */ = {
			isa = PBXTargetDependency;
			target = C22149C82622F81F00F758C0 /* OutletConnections */;
			targetProxy = C22149EB2622F82000F758C0 /* PBXContainerItemProxy */;
		};
/* End PBXTargetDependency section */

/* Begin PBXVariantGroup section */
		C22149D22622F81F00F758C0 /* Main.storyboard */ = {
			isa = PBXVariantGroup;
			children = (
				C22149D32622F81F00F758C0 /* Base */,
			);
			name = Main.storyboard;
			sourceTree = "<group>";
		};
		C22149D72622F82000F758C0 /* LaunchScreen.storyboard */ = {
			isa = PBXVariantGroup;
			children = (
				C22149D82622F82000F758C0 /* Base */,
			);
			name = LaunchScreen.storyboard;
			sourceTree = "<group>";
		};
/* End PBXVariantGroup section */

/* Begin XCBuildConfiguration section */
		C22149F12622F82000F758C0 /* Debug */ = {
			isa = XCBuildConfiguration;
			buildSettings = {
				ALWAYS_SEARCH_USER_PATHS = NO;
				CLANG_ANALYZER_NONNULL = YES;
				CLANG_ANALYZER_NUMBER_OBJECT_CONVERSION = YES_AGGRESSIVE;
				CLANG_CXX_LANGUAGE_STANDARD = "gnu++14";
				CLANG_CXX_LIBRARY = "libc++";
				CLANG_ENABLE_MODULES = YES;
				CLANG_ENABLE_OBJC_ARC = YES;
				CLANG_ENABLE_OBJC_WEAK = YES;
				CLANG_WARN_BLOCK_CAPTURE_AUTORELEASING = YES;
				CLANG_WARN_BOOL_CONVERSION = YES;
				CLANG_WARN_COMMA = YES;
				CLANG_WARN_CONSTANT_CONVERSION = YES;
				CLANG_WARN_DEPRECATED_OBJC_IMPLEMENTATIONS = YES;
				CLANG_WARN_DIRECT_OBJC_ISA_USAGE = YES_ERROR;
				CLANG_WARN_DOCUMENTATION_COMMENTS = YES;
				CLANG_WARN_EMPTY_BODY = YES;
				CLANG_WARN_ENUM_CONVERSION = YES;
				CLANG_WARN_INFINITE_RECURSION = YES;
				CLANG_WARN_INT_CONVERSION = YES;
				CLANG_WARN_NON_LITERAL_NULL_CONVERSION = YES;
				CLANG_WARN_OBJC_IMPLICIT_RETAIN_SELF = YES;
				CLANG_WARN_OBJC_LITERAL_CONVERSION = YES;
				CLANG_WARN_OBJC_ROOT_CLASS = YES_ERROR;
				CLANG_WARN_QUOTED_INCLUDE_IN_FRAMEWORK_HEADER = YES;
				CLANG_WARN_RANGE_LOOP_ANALYSIS = YES;
				CLANG_WARN_STRICT_PROTOTYPES = YES;
				CLANG_WARN_SUSPICIOUS_MOVE = YES;
				CLANG_WARN_UNGUARDED_AVAILABILITY = YES_AGGRESSIVE;
				CLANG_WARN_UNREACHABLE_CODE = YES;
				CLANG_WARN__DUPLICATE_METHOD_MATCH = YES;
				COPY_PHASE_STRIP = NO;
				DEBUG_INFORMATION_FORMAT = dwarf;
				ENABLE_STRICT_OBJC_MSGSEND = YES;
				ENABLE_TESTABILITY = YES;
				GCC_C_LANGUAGE_STANDARD = gnu11;
				GCC_DYNAMIC_NO_PIC = NO;
				GCC_NO_COMMON_BLOCKS = YES;
				GCC_OPTIMIZATION_LEVEL = 0;
				GCC_PREPROCESSOR_DEFINITIONS = (
					"DEBUG=1",
					"$(inherited)",
				);
				GCC_WARN_64_TO_32_BIT_CONVERSION = YES;
				GCC_WARN_ABOUT_RETURN_TYPE = YES_ERROR;
				GCC_WARN_UNDECLARED_SELECTOR = YES;
				GCC_WARN_UNINITIALIZED_AUTOS = YES_AGGRESSIVE;
				GCC_WARN_UNUSED_FUNCTION = YES;
				GCC_WARN_UNUSED_VARIABLE = YES;
				IPHONEOS_DEPLOYMENT_TARGET = 14.4;
				MTL_ENABLE_DEBUG_INFO = INCLUDE_SOURCE;
				MTL_FAST_MATH = YES;
				ONLY_ACTIVE_ARCH = YES;
				SDKROOT = iphoneos;
				SWIFT_ACTIVE_COMPILATION_CONDITIONS = DEBUG;
				SWIFT_OPTIMIZATION_LEVEL = "-Onone";
			};
			name = Debug;
		};
		C22149F22622F82000F758C0 /* Release */ = {
			isa = XCBuildConfiguration;
			buildSettings = {
				ALWAYS_SEARCH_USER_PATHS = NO;
				CLANG_ANALYZER_NONNULL = YES;
				CLANG_ANALYZER_NUMBER_OBJECT_CONVERSION = YES_AGGRESSIVE;
				CLANG_CXX_LANGUAGE_STANDARD = "gnu++14";
				CLANG_CXX_LIBRARY = "libc++";
				CLANG_ENABLE_MODULES = YES;
				CLANG_ENABLE_OBJC_ARC = YES;
				CLANG_ENABLE_OBJC_WEAK = YES;
				CLANG_WARN_BLOCK_CAPTURE_AUTORELEASING = YES;
				CLANG_WARN_BOOL_CONVERSION = YES;
				CLANG_WARN_COMMA = YES;
				CLANG_WARN_CONSTANT_CONVERSION = YES;
				CLANG_WARN_DEPRECATED_OBJC_IMPLEMENTATIONS = YES;
				CLANG_WARN_DIRECT_OBJC_ISA_USAGE = YES_ERROR;
				CLANG_WARN_DOCUMENTATION_COMMENTS = YES;
				CLANG_WARN_EMPTY_BODY = YES;
				CLANG_WARN_ENUM_CONVERSION = YES;
				CLANG_WARN_INFINITE_RECURSION = YES;
				CLANG_WARN_INT_CONVERSION = YES;
				CLANG_WARN_NON_LITERAL_NULL_CONVERSION = YES;
				CLANG_WARN_OBJC_IMPLICIT_RETAIN_SELF = YES;
				CLANG_WARN_OBJC_LITERAL_CONVERSION = YES;
				CLANG_WARN_OBJC_ROOT_CLASS = YES_ERROR;
				CLANG_WARN_QUOTED_INCLUDE_IN_FRAMEWORK_HEADER = YES;
				CLANG_WARN_RANGE_LOOP_ANALYSIS = YES;
				CLANG_WARN_STRICT_PROTOTYPES = YES;
				CLANG_WARN_SUSPICIOUS_MOVE = YES;
				CLANG_WARN_UNGUARDED_AVAILABILITY = YES_AGGRESSIVE;
				CLANG_WARN_UNREACHABLE_CODE = YES;
				CLANG_WARN__DUPLICATE_METHOD_MATCH = YES;
				COPY_PHASE_STRIP = NO;
				DEBUG_INFORMATION_FORMAT = "dwarf-with-dsym";
				ENABLE_NS_ASSERTIONS = NO;
				ENABLE_STRICT_OBJC_MSGSEND = YES;
				GCC_C_LANGUAGE_STANDARD = gnu11;
				GCC_NO_COMMON_BLOCKS = YES;
				GCC_WARN_64_TO_32_BIT_CONVERSION = YES;
				GCC_WARN_ABOUT_RETURN_TYPE = YES_ERROR;
				GCC_WARN_UNDECLARED_SELECTOR = YES;
				GCC_WARN_UNINITIALIZED_AUTOS = YES_AGGRESSIVE;
				GCC_WARN_UNUSED_FUNCTION = YES;
				GCC_WARN_UNUSED_VARIABLE = YES;
				IPHONEOS_DEPLOYMENT_TARGET = 14.4;
				MTL_ENABLE_DEBUG_INFO = NO;
				MTL_FAST_MATH = YES;
				SDKROOT = iphoneos;
				SWIFT_COMPILATION_MODE = wholemodule;
				SWIFT_OPTIMIZATION_LEVEL = "-O";
				VALIDATE_PRODUCT = YES;
			};
			name = Release;
		};
		C22149F42622F82000F758C0 /* Debug */ = {
			isa = XCBuildConfiguration;
			buildSettings = {
				ASSETCATALOG_COMPILER_APPICON_NAME = AppIcon;
				ASSETCATALOG_COMPILER_GLOBAL_ACCENT_COLOR_NAME = AccentColor;
				CODE_SIGN_STYLE = Automatic;
				DEVELOPMENT_TEAM = 9SM9DH3BE7;
				INFOPLIST_FILE = OutletConnections/Info.plist;
				LD_RUNPATH_SEARCH_PATHS = (
					"$(inherited)",
					"@executable_path/Frameworks",
				);
				PRODUCT_BUNDLE_IDENTIFIER = com.chia.OutletConnections;
				PRODUCT_NAME = "$(TARGET_NAME)";
				SWIFT_VERSION = 5.0;
				TARGETED_DEVICE_FAMILY = "1,2";
			};
			name = Debug;
		};
		C22149F52622F82000F758C0 /* Release */ = {
			isa = XCBuildConfiguration;
			buildSettings = {
				ASSETCATALOG_COMPILER_APPICON_NAME = AppIcon;
				ASSETCATALOG_COMPILER_GLOBAL_ACCENT_COLOR_NAME = AccentColor;
				CODE_SIGN_STYLE = Automatic;
				DEVELOPMENT_TEAM = 9SM9DH3BE7;
				INFOPLIST_FILE = OutletConnections/Info.plist;
				LD_RUNPATH_SEARCH_PATHS = (
					"$(inherited)",
					"@executable_path/Frameworks",
				);
				PRODUCT_BUNDLE_IDENTIFIER = com.chia.OutletConnections;
				PRODUCT_NAME = "$(TARGET_NAME)";
				SWIFT_VERSION = 5.0;
				TARGETED_DEVICE_FAMILY = "1,2";
			};
			name = Release;
		};
		C22149F72622F82000F758C0 /* Debug */ = {
			isa = XCBuildConfiguration;
			buildSettings = {
				ALWAYS_EMBED_SWIFT_STANDARD_LIBRARIES = YES;
				BUNDLE_LOADER = "$(TEST_HOST)";
				CODE_SIGN_STYLE = Automatic;
				DEVELOPMENT_TEAM = 9SM9DH3BE7;
				INFOPLIST_FILE = OutletConnectionsTests/Info.plist;
				IPHONEOS_DEPLOYMENT_TARGET = 14.4;
				LD_RUNPATH_SEARCH_PATHS = (
					"$(inherited)",
					"@executable_path/Frameworks",
					"@loader_path/Frameworks",
				);
				PRODUCT_BUNDLE_IDENTIFIER = com.chia.OutletConnectionsTests;
				PRODUCT_NAME = "$(TARGET_NAME)";
				SWIFT_VERSION = 5.0;
				TARGETED_DEVICE_FAMILY = "1,2";
				TEST_HOST = "$(BUILT_PRODUCTS_DIR)/OutletConnections.app/OutletConnections";
			};
			name = Debug;
		};
		C22149F82622F82000F758C0 /* Release */ = {
			isa = XCBuildConfiguration;
			buildSettings = {
				ALWAYS_EMBED_SWIFT_STANDARD_LIBRARIES = YES;
				BUNDLE_LOADER = "$(TEST_HOST)";
				CODE_SIGN_STYLE = Automatic;
				DEVELOPMENT_TEAM = 9SM9DH3BE7;
				INFOPLIST_FILE = OutletConnectionsTests/Info.plist;
				IPHONEOS_DEPLOYMENT_TARGET = 14.4;
				LD_RUNPATH_SEARCH_PATHS = (
					"$(inherited)",
					"@executable_path/Frameworks",
					"@loader_path/Frameworks",
				);
				PRODUCT_BUNDLE_IDENTIFIER = com.chia.OutletConnectionsTests;
				PRODUCT_NAME = "$(TARGET_NAME)";
				SWIFT_VERSION = 5.0;
				TARGETED_DEVICE_FAMILY = "1,2";
				TEST_HOST = "$(BUILT_PRODUCTS_DIR)/OutletConnections.app/OutletConnections";
			};
			name = Release;
		};
		C22149FA2622F82000F758C0 /* Debug */ = {
			isa = XCBuildConfiguration;
			buildSettings = {
				ALWAYS_EMBED_SWIFT_STANDARD_LIBRARIES = YES;
				CODE_SIGN_STYLE = Automatic;
				DEVELOPMENT_TEAM = 9SM9DH3BE7;
				INFOPLIST_FILE = OutletConnectionsUITests/Info.plist;
				LD_RUNPATH_SEARCH_PATHS = (
					"$(inherited)",
					"@executable_path/Frameworks",
					"@loader_path/Frameworks",
				);
				PRODUCT_BUNDLE_IDENTIFIER = com.chia.OutletConnectionsUITests;
				PRODUCT_NAME = "$(TARGET_NAME)";
				SWIFT_VERSION = 5.0;
				TARGETED_DEVICE_FAMILY = "1,2";
				TEST_TARGET_NAME = OutletConnections;
			};
			name = Debug;
		};
		C22149FB2622F82000F758C0 /* Release */ = {
			isa = XCBuildConfiguration;
			buildSettings = {
				ALWAYS_EMBED_SWIFT_STANDARD_LIBRARIES = YES;
				CODE_SIGN_STYLE = Automatic;
				DEVELOPMENT_TEAM = 9SM9DH3BE7;
				INFOPLIST_FILE = OutletConnectionsUITests/Info.plist;
				LD_RUNPATH_SEARCH_PATHS = (
					"$(inherited)",
					"@executable_path/Frameworks",
					"@loader_path/Frameworks",
				);
				PRODUCT_BUNDLE_IDENTIFIER = com.chia.OutletConnectionsUITests;
				PRODUCT_NAME = "$(TARGET_NAME)";
				SWIFT_VERSION = 5.0;
				TARGETED_DEVICE_FAMILY = "1,2";
				TEST_TARGET_NAME = OutletConnections;
			};
			name = Release;
		};
/* End XCBuildConfiguration section */

/* Begin XCConfigurationList section */
		C22149C42622F81F00F758C0 /* Build configuration list for PBXProject "OutletConnections" */ = {
			isa = XCConfigurationList;
			buildConfigurations = (
				C22149F12622F82000F758C0 /* Debug */,
				C22149F22622F82000F758C0 /* Release */,
			);
			defaultConfigurationIsVisible = 0;
			defaultConfigurationName = Release;
		};
		C22149F32622F82000F758C0 /* Build configuration list for PBXNativeTarget "OutletConnections" */ = {
			isa = XCConfigurationList;
			buildConfigurations = (
				C22149F42622F82000F758C0 /* Debug */,
				C22149F52622F82000F758C0 /* Release */,
			);
			defaultConfigurationIsVisible = 0;
			defaultConfigurationName = Release;
		};
		C22149F62622F82000F758C0 /* Build configuration list for PBXNativeTarget "OutletConnectionsTests" */ = {
			isa = XCConfigurationList;
			buildConfigurations = (
				C22149F72622F82000F758C0 /* Debug */,
				C22149F82622F82000F758C0 /* Release */,
			);
			defaultConfigurationIsVisible = 0;
			defaultConfigurationName = Release;
		};
		C22149F92622F82000F758C0 /* Build configuration list for PBXNativeTarget "OutletConnectionsUITests" */ = {
			isa = XCConfigurationList;
			buildConfigurations = (
				C22149FA2622F82000F758C0 /* Debug */,
				C22149FB2622F82000F758C0 /* Release */,
			);
			defaultConfigurationIsVisible = 0;
			defaultConfigurationName = Release;
		};
/* End XCConfigurationList section */
	};
	rootObject = C22149C12622F81F00F758C0 /* Project object */;
}
