// !$*UTF8*$!
{
	archiveVersion = 1;
	classes = {
	};
	objectVersion = 50;
	objects = {

/* Begin PBXBuildFile section */
		C22148D12622CC3900F758C0 /* AppDelegate.swift in Sources */ = {isa = PBXBuildFile; fileRef = C22148D02622CC3900F758C0 /* AppDelegate.swift */; };
		C22148D32622CC3900F758C0 /* SceneDelegate.swift in Sources */ = {isa = PBXBuildFile; fileRef = C22148D22622CC3900F758C0 /* SceneDelegate.swift */; };
		C22148D52622CC3900F758C0 /* ViewController.swift in Sources */ = {isa = PBXBuildFile; fileRef = C22148D42622CC3900F758C0 /* ViewController.swift */; };
		C22148D82622CC3900F758C0 /* Main.storyboard in Resources */ = {isa = PBXBuildFile; fileRef = C22148D62622CC3900F758C0 /* Main.storyboard */; };
		C22148DA2622CC3A00F758C0 /* Assets.xcassets in Resources */ = {isa = PBXBuildFile; fileRef = C22148D92622CC3A00F758C0 /* Assets.xcassets */; };
		C22148DD2622CC3A00F758C0 /* LaunchScreen.storyboard in Resources */ = {isa = PBXBuildFile; fileRef = C22148DB2622CC3A00F758C0 /* LaunchScreen.storyboard */; };
		C22148F32622CC3A00F758C0 /* LoadViewControllersUITests.swift in Sources */ = {isa = PBXBuildFile; fileRef = C22148F22622CC3A00F758C0 /* LoadViewControllersUITests.swift */; };
		C22149042622CD2600F758C0 /* StoryboardBasedViewController.swift in Sources */ = {isa = PBXBuildFile; fileRef = C22149032622CD2600F758C0 /* StoryboardBasedViewController.swift */; };
		C22149092622CE4100F758C0 /* StoryboardBasedViewControllerTests.swift in Sources */ = {isa = PBXBuildFile; fileRef = C22149082622CE4100F758C0 /* StoryboardBasedViewControllerTests.swift */; };
		C22149122622D10A00F758C0 /* XIBBasedViewController.swift in Sources */ = {isa = PBXBuildFile; fileRef = C22149102622D10A00F758C0 /* XIBBasedViewController.swift */; };
		C22149132622D10A00F758C0 /* XIBBasedViewController.xib in Resources */ = {isa = PBXBuildFile; fileRef = C22149112622D10A00F758C0 /* XIBBasedViewController.xib */; };
		C22149182622D17C00F758C0 /* XIBBasedViewControllerTests.swift in Sources */ = {isa = PBXBuildFile; fileRef = C22149172622D17C00F758C0 /* XIBBasedViewControllerTests.swift */; };
		C221491D2622D24E00F758C0 /* CodeBasedViewController.swift in Sources */ = {isa = PBXBuildFile; fileRef = C221491C2622D24E00F758C0 /* CodeBasedViewController.swift */; };
		C22149222622D2EA00F758C0 /* CodeBasedViewControllerTests.swift in Sources */ = {isa = PBXBuildFile; fileRef = C22149212622D2EA00F758C0 /* CodeBasedViewControllerTests.swift */; };
/* End PBXBuildFile section */

/* Begin PBXContainerItemProxy section */
		C22148E42622CC3A00F758C0 /* PBXContainerItemProxy */ = {
			isa = PBXContainerItemProxy;
			containerPortal = C22148C52622CC3900F758C0 /* Project object */;
			proxyType = 1;
			remoteGlobalIDString = C22148CC2622CC3900F758C0;
			remoteInfo = LoadViewControllers;
		};
		C22148EF2622CC3A00F758C0 /* PBXContainerItemProxy */ = {
			isa = PBXContainerItemProxy;
			containerPortal = C22148C52622CC3900F758C0 /* Project object */;
			proxyType = 1;
			remoteGlobalIDString = C22148CC2622CC3900F758C0;
			remoteInfo = LoadViewControllers;
		};
/* End PBXContainerItemProxy section */

/* Begin PBXFileReference section */
		C22148CD2622CC3900F758C0 /* LoadViewControllers.app */ = {isa = PBXFileReference; explicitFileType = wrapper.application; includeInIndex = 0; path = LoadViewControllers.app; sourceTree = BUILT_PRODUCTS_DIR; };
		C22148D02622CC3900F758C0 /* AppDelegate.swift */ = {isa = PBXFileReference; lastKnownFileType = sourcecode.swift; path = AppDelegate.swift; sourceTree = "<group>"; };
		C22148D22622CC3900F758C0 /* SceneDelegate.swift */ = {isa = PBXFileReference; lastKnownFileType = sourcecode.swift; path = SceneDelegate.swift; sourceTree = "<group>"; };
		C22148D42622CC3900F758C0 /* ViewController.swift */ = {isa = PBXFileReference; lastKnownFileType = sourcecode.swift; path = ViewController.swift; sourceTree = "<group>"; };
		C22148D72622CC3900F758C0 /* Base */ = {isa = PBXFileReference; lastKnownFileType = file.storyboard; name = Base; path = Base.lproj/Main.storyboard; sourceTree = "<group>"; };
		C22148D92622CC3A00F758C0 /* Assets.xcassets */ = {isa = PBXFileReference; lastKnownFileType = folder.assetcatalog; path = Assets.xcassets; sourceTree = "<group>"; };
		C22148DC2622CC3A00F758C0 /* Base */ = {isa = PBXFileReference; lastKnownFileType = file.storyboard; name = Base; path = Base.lproj/LaunchScreen.storyboard; sourceTree = "<group>"; };
		C22148DE2622CC3A00F758C0 /* Info.plist */ = {isa = PBXFileReference; lastKnownFileType = text.plist.xml; path = Info.plist; sourceTree = "<group>"; };
		C22148E32622CC3A00F758C0 /* LoadViewControllersTests.xctest */ = {isa = PBXFileReference; explicitFileType = wrapper.cfbundle; includeInIndex = 0; path = LoadViewControllersTests.xctest; sourceTree = BUILT_PRODUCTS_DIR; };
		C22148E92622CC3A00F758C0 /* Info.plist */ = {isa = PBXFileReference; lastKnownFileType = text.plist.xml; path = Info.plist; sourceTree = "<group>"; };
		C22148EE2622CC3A00F758C0 /* LoadViewControllersUITests.xctest */ = {isa = PBXFileReference; explicitFileType = wrapper.cfbundle; includeInIndex = 0; path = LoadViewControllersUITests.xctest; sourceTree = BUILT_PRODUCTS_DIR; };
		C22148F22622CC3A00F758C0 /* LoadViewControllersUITests.swift */ = {isa = PBXFileReference; lastKnownFileType = sourcecode.swift; path = LoadViewControllersUITests.swift; sourceTree = "<group>"; };
		C22148F42622CC3A00F758C0 /* Info.plist */ = {isa = PBXFileReference; lastKnownFileType = text.plist.xml; path = Info.plist; sourceTree = "<group>"; };
		C22149032622CD2600F758C0 /* StoryboardBasedViewController.swift */ = {isa = PBXFileReference; lastKnownFileType = sourcecode.swift; path = StoryboardBasedViewController.swift; sourceTree = "<group>"; };
		C22149082622CE4100F758C0 /* StoryboardBasedViewControllerTests.swift */ = {isa = PBXFileReference; lastKnownFileType = sourcecode.swift; path = StoryboardBasedViewControllerTests.swift; sourceTree = "<group>"; };
		C22149102622D10A00F758C0 /* XIBBasedViewController.swift */ = {isa = PBXFileReference; lastKnownFileType = sourcecode.swift; path = XIBBasedViewController.swift; sourceTree = "<group>"; };
		C22149112622D10A00F758C0 /* XIBBasedViewController.xib */ = {isa = PBXFileReference; lastKnownFileType = file.xib; path = XIBBasedViewController.xib; sourceTree = "<group>"; };
		C22149172622D17C00F758C0 /* XIBBasedViewControllerTests.swift */ = {isa = PBXFileReference; lastKnownFileType = sourcecode.swift; path = XIBBasedViewControllerTests.swift; sourceTree = "<group>"; };
		C221491C2622D24E00F758C0 /* CodeBasedViewController.swift */ = {isa = PBXFileReference; lastKnownFileType = sourcecode.swift; path = CodeBasedViewController.swift; sourceTree = "<group>"; };
		C22149212622D2EA00F758C0 /* CodeBasedViewControllerTests.swift */ = {isa = PBXFileReference; lastKnownFileType = sourcecode.swift; path = CodeBasedViewControllerTests.swift; sourceTree = "<group>"; };
/* End PBXFileReference section */

/* Begin PBXFrameworksBuildPhase section */
		C22148CA2622CC3900F758C0 /* Frameworks */ = {
			isa = PBXFrameworksBuildPhase;
			buildActionMask = 2147483647;
			files = (
			);
			runOnlyForDeploymentPostprocessing = 0;
		};
		C22148E02622CC3A00F758C0 /* Frameworks */ = {
			isa = PBXFrameworksBuildPhase;
			buildActionMask = 2147483647;
			files = (
			);
			runOnlyForDeploymentPostprocessing = 0;
		};
		C22148EB2622CC3A00F758C0 /* Frameworks */ = {
			isa = PBXFrameworksBuildPhase;
			buildActionMask = 2147483647;
			files = (
			);
			runOnlyForDeploymentPostprocessing = 0;
		};
/* End PBXFrameworksBuildPhase section */

/* Begin PBXGroup section */
		C22148C42622CC3900F758C0 = {
			isa = PBXGroup;
			children = (
				C22148CF2622CC3900F758C0 /* LoadViewControllers */,
				C22148E62622CC3A00F758C0 /* LoadViewControllersTests */,
				C22148F12622CC3A00F758C0 /* LoadViewControllersUITests */,
				C22148CE2622CC3900F758C0 /* Products */,
			);
			sourceTree = "<group>";
		};
		C22148CE2622CC3900F758C0 /* Products */ = {
			isa = PBXGroup;
			children = (
				C22148CD2622CC3900F758C0 /* LoadViewControllers.app */,
				C22148E32622CC3A00F758C0 /* LoadViewControllersTests.xctest */,
				C22148EE2622CC3A00F758C0 /* LoadViewControllersUITests.xctest */,
			);
			name = Products;
			sourceTree = "<group>";
		};
		C22148CF2622CC3900F758C0 /* LoadViewControllers */ = {
			isa = PBXGroup;
			children = (
				C22148D02622CC3900F758C0 /* AppDelegate.swift */,
				C22148D22622CC3900F758C0 /* SceneDelegate.swift */,
				C22148D42622CC3900F758C0 /* ViewController.swift */,
				C22148D62622CC3900F758C0 /* Main.storyboard */,
				C22148D92622CC3A00F758C0 /* Assets.xcassets */,
				C22148DB2622CC3A00F758C0 /* LaunchScreen.storyboard */,
				C22148DE2622CC3A00F758C0 /* Info.plist */,
				C22149032622CD2600F758C0 /* StoryboardBasedViewController.swift */,
				C22149102622D10A00F758C0 /* XIBBasedViewController.swift */,
				C22149112622D10A00F758C0 /* XIBBasedViewController.xib */,
				C221491C2622D24E00F758C0 /* CodeBasedViewController.swift */,
			);
			path = LoadViewControllers;
			sourceTree = "<group>";
		};
		C22148E62622CC3A00F758C0 /* LoadViewControllersTests */ = {
			isa = PBXGroup;
			children = (
				C22149212622D2EA00F758C0 /* CodeBasedViewControllerTests.swift */,
				C22149172622D17C00F758C0 /* XIBBasedViewControllerTests.swift */,
				C22149082622CE4100F758C0 /* StoryboardBasedViewControllerTests.swift */,
				C22148E92622CC3A00F758C0 /* Info.plist */,
			);
			path = LoadViewControllersTests;
			sourceTree = "<group>";
		};
		C22148F12622CC3A00F758C0 /* LoadViewControllersUITests */ = {
			isa = PBXGroup;
			children = (
				C22148F22622CC3A00F758C0 /* LoadViewControllersUITests.swift */,
				C22148F42622CC3A00F758C0 /* Info.plist */,
			);
			path = LoadViewControllersUITests;
			sourceTree = "<group>";
		};
/* End PBXGroup section */

/* Begin PBXNativeTarget section */
		C22148CC2622CC3900F758C0 /* LoadViewControllers */ = {
			isa = PBXNativeTarget;
			buildConfigurationList = C22148F72622CC3A00F758C0 /* Build configuration list for PBXNativeTarget "LoadViewControllers" */;
			buildPhases = (
				C22148C92622CC3900F758C0 /* Sources */,
				C22148CA2622CC3900F758C0 /* Frameworks */,
				C22148CB2622CC3900F758C0 /* Resources */,
			);
			buildRules = (
			);
			dependencies = (
			);
			name = LoadViewControllers;
			productName = LoadViewControllers;
			productReference = C22148CD2622CC3900F758C0 /* LoadViewControllers.app */;
			productType = "com.apple.product-type.application";
		};
		C22148E22622CC3A00F758C0 /* LoadViewControllersTests */ = {
			isa = PBXNativeTarget;
			buildConfigurationList = C22148FA2622CC3A00F758C0 /* Build configuration list for PBXNativeTarget "LoadViewControllersTests" */;
			buildPhases = (
				C22148DF2622CC3A00F758C0 /* Sources */,
				C22148E02622CC3A00F758C0 /* Frameworks */,
				C22148E12622CC3A00F758C0 /* Resources */,
			);
			buildRules = (
			);
			dependencies = (
				C22148E52622CC3A00F758C0 /* PBXTargetDependency */,
			);
			name = LoadViewControllersTests;
			productName = LoadViewControllersTests;
			productReference = C22148E32622CC3A00F758C0 /* LoadViewControllersTests.xctest */;
			productType = "com.apple.product-type.bundle.unit-test";
		};
		C22148ED2622CC3A00F758C0 /* LoadViewControllersUITests */ = {
			isa = PBXNativeTarget;
			buildConfigurationList = C22148FD2622CC3A00F758C0 /* Build configuration list for PBXNativeTarget "LoadViewControllersUITests" */;
			buildPhases = (
				C22148EA2622CC3A00F758C0 /* Sources */,
				C22148EB2622CC3A00F758C0 /* Frameworks */,
				C22148EC2622CC3A00F758C0 /* Resources */,
			);
			buildRules = (
			);
			dependencies = (
				C22148F02622CC3A00F758C0 /* PBXTargetDependency */,
			);
			name = LoadViewControllersUITests;
			productName = LoadViewControllersUITests;
			productReference = C22148EE2622CC3A00F758C0 /* LoadViewControllersUITests.xctest */;
			productType = "com.apple.product-type.bundle.ui-testing";
		};
/* End PBXNativeTarget section */

/* Begin PBXProject section */
		C22148C52622CC3900F758C0 /* Project object */ = {
			isa = PBXProject;
			attributes = {
				LastSwiftUpdateCheck = 1240;
				LastUpgradeCheck = 1240;
				TargetAttributes = {
					C22148CC2622CC3900F758C0 = {
						CreatedOnToolsVersion = 12.4;
					};
					C22148E22622CC3A00F758C0 = {
						CreatedOnToolsVersion = 12.4;
						TestTargetID = C22148CC2622CC3900F758C0;
					};
					C22148ED2622CC3A00F758C0 = {
						CreatedOnToolsVersion = 12.4;
						TestTargetID = C22148CC2622CC3900F758C0;
					};
				};
			};
			buildConfigurationList = C22148C82622CC3900F758C0 /* Build configuration list for PBXProject "LoadViewControllers" */;
			compatibilityVersion = "Xcode 9.3";
			developmentRegion = en;
			hasScannedForEncodings = 0;
			knownRegions = (
				en,
				Base,
			);
			mainGroup = C22148C42622CC3900F758C0;
			productRefGroup = C22148CE2622CC3900F758C0 /* Products */;
			projectDirPath = "";
			projectRoot = "";
			targets = (
				C22148CC2622CC3900F758C0 /* LoadViewControllers */,
				C22148E22622CC3A00F758C0 /* LoadViewControllersTests */,
				C22148ED2622CC3A00F758C0 /* LoadViewControllersUITests */,
			);
		};
/* End PBXProject section */

/* Begin PBXResourcesBuildPhase section */
		C22148CB2622CC3900F758C0 /* Resources */ = {
			isa = PBXResourcesBuildPhase;
			buildActionMask = 2147483647;
			files = (
				C22149132622D10A00F758C0 /* XIBBasedViewController.xib in Resources */,
				C22148DD2622CC3A00F758C0 /* LaunchScreen.storyboard in Resources */,
				C22148DA2622CC3A00F758C0 /* Assets.xcassets in Resources */,
				C22148D82622CC3900F758C0 /* Main.storyboard in Resources */,
			);
			runOnlyForDeploymentPostprocessing = 0;
		};
		C22148E12622CC3A00F758C0 /* Resources */ = {
			isa = PBXResourcesBuildPhase;
			buildActionMask = 2147483647;
			files = (
			);
			runOnlyForDeploymentPostprocessing = 0;
		};
		C22148EC2622CC3A00F758C0 /* Resources */ = {
			isa = PBXResourcesBuildPhase;
			buildActionMask = 2147483647;
			files = (
			);
			runOnlyForDeploymentPostprocessing = 0;
		};
/* End PBXResourcesBuildPhase section */

/* Begin PBXSourcesBuildPhase section */
		C22148C92622CC3900F758C0 /* Sources */ = {
			isa = PBXSourcesBuildPhase;
			buildActionMask = 2147483647;
			files = (
				C22148D52622CC3900F758C0 /* ViewController.swift in Sources */,
				C221491D2622D24E00F758C0 /* CodeBasedViewController.swift in Sources */,
				C22149122622D10A00F758C0 /* XIBBasedViewController.swift in Sources */,
				C22149042622CD2600F758C0 /* StoryboardBasedViewController.swift in Sources */,
				C22148D12622CC3900F758C0 /* AppDelegate.swift in Sources */,
				C22148D32622CC3900F758C0 /* SceneDelegate.swift in Sources */,
			);
			runOnlyForDeploymentPostprocessing = 0;
		};
		C22148DF2622CC3A00F758C0 /* Sources */ = {
			isa = PBXSourcesBuildPhase;
			buildActionMask = 2147483647;
			files = (
				C22149222622D2EA00F758C0 /* CodeBasedViewControllerTests.swift in Sources */,
				C22149182622D17C00F758C0 /* XIBBasedViewControllerTests.swift in Sources */,
				C22149092622CE4100F758C0 /* StoryboardBasedViewControllerTests.swift in Sources */,
			);
			runOnlyForDeploymentPostprocessing = 0;
		};
		C22148EA2622CC3A00F758C0 /* Sources */ = {
			isa = PBXSourcesBuildPhase;
			buildActionMask = 2147483647;
			files = (
				C22148F32622CC3A00F758C0 /* LoadViewControllersUITests.swift in Sources */,
			);
			runOnlyForDeploymentPostprocessing = 0;
		};
/* End PBXSourcesBuildPhase section */

/* Begin PBXTargetDependency section */
		C22148E52622CC3A00F758C0 /* PBXTargetDependency */ = {
			isa = PBXTargetDependency;
			target = C22148CC2622CC3900F758C0 /* LoadViewControllers */;
			targetProxy = C22148E42622CC3A00F758C0 /* PBXContainerItemProxy */;
		};
		C22148F02622CC3A00F758C0 /* PBXTargetDependency */ = {
			isa = PBXTargetDependency;
			target = C22148CC2622CC3900F758C0 /* LoadViewControllers */;
			targetProxy = C22148EF2622CC3A00F758C0 /* PBXContainerItemProxy */;
		};
/* End PBXTargetDependency section */

/* Begin PBXVariantGroup section */
		C22148D62622CC3900F758C0 /* Main.storyboard */ = {
			isa = PBXVariantGroup;
			children = (
				C22148D72622CC3900F758C0 /* Base */,
			);
			name = Main.storyboard;
			sourceTree = "<group>";
		};
		C22148DB2622CC3A00F758C0 /* LaunchScreen.storyboard */ = {
			isa = PBXVariantGroup;
			children = (
				C22148DC2622CC3A00F758C0 /* Base */,
			);
			name = LaunchScreen.storyboard;
			sourceTree = "<group>";
		};
/* End PBXVariantGroup section */

/* Begin XCBuildConfiguration section */
		C22148F52622CC3A00F758C0 /* Debug */ = {
			isa = XCBuildConfiguration;
			buildSettings = {
				ALWAYS_SEARCH_USER_PATHS = NO;
				CLANG_ANALYZER_NONNULL = YES;
				CLANG_ANALYZER_NUMBER_OBJECT_CONVERSION = YES_AGGRESSIVE;
				CLANG_CXX_LANGUAGE_STANDARD = "gnu++14";
				CLANG_CXX_LIBRARY = "libc++";
				CLANG_ENABLE_MODULES = YES;
				CLANG_ENABLE_OBJC_ARC = YES;
				CLANG_ENABLE_OBJC_WEAK = YES;
				CLANG_WARN_BLOCK_CAPTURE_AUTORELEASING = YES;
				CLANG_WARN_BOOL_CONVERSION = YES;
				CLANG_WARN_COMMA = YES;
				CLANG_WARN_CONSTANT_CONVERSION = YES;
				CLANG_WARN_DEPRECATED_OBJC_IMPLEMENTATIONS = YES;
				CLANG_WARN_DIRECT_OBJC_ISA_USAGE = YES_ERROR;
				CLANG_WARN_DOCUMENTATION_COMMENTS = YES;
				CLANG_WARN_EMPTY_BODY = YES;
				CLANG_WARN_ENUM_CONVERSION = YES;
				CLANG_WARN_INFINITE_RECURSION = YES;
				CLANG_WARN_INT_CONVERSION = YES;
				CLANG_WARN_NON_LITERAL_NULL_CONVERSION = YES;
				CLANG_WARN_OBJC_IMPLICIT_RETAIN_SELF = YES;
				CLANG_WARN_OBJC_LITERAL_CONVERSION = YES;
				CLANG_WARN_OBJC_ROOT_CLASS = YES_ERROR;
				CLANG_WARN_QUOTED_INCLUDE_IN_FRAMEWORK_HEADER = YES;
				CLANG_WARN_RANGE_LOOP_ANALYSIS = YES;
				CLANG_WARN_STRICT_PROTOTYPES = YES;
				CLANG_WARN_SUSPICIOUS_MOVE = YES;
				CLANG_WARN_UNGUARDED_AVAILABILITY = YES_AGGRESSIVE;
				CLANG_WARN_UNREACHABLE_CODE = YES;
				CLANG_WARN__DUPLICATE_METHOD_MATCH = YES;
				COPY_PHASE_STRIP = NO;
				DEBUG_INFORMATION_FORMAT = dwarf;
				ENABLE_STRICT_OBJC_MSGSEND = YES;
				ENABLE_TESTABILITY = YES;
				GCC_C_LANGUAGE_STANDARD = gnu11;
				GCC_DYNAMIC_NO_PIC = NO;
				GCC_NO_COMMON_BLOCKS = YES;
				GCC_OPTIMIZATION_LEVEL = 0;
				GCC_PREPROCESSOR_DEFINITIONS = (
					"DEBUG=1",
					"$(inherited)",
				);
				GCC_WARN_64_TO_32_BIT_CONVERSION = YES;
				GCC_WARN_ABOUT_RETURN_TYPE = YES_ERROR;
				GCC_WARN_UNDECLARED_SELECTOR = YES;
				GCC_WARN_UNINITIALIZED_AUTOS = YES_AGGRESSIVE;
				GCC_WARN_UNUSED_FUNCTION = YES;
				GCC_WARN_UNUSED_VARIABLE = YES;
				IPHONEOS_DEPLOYMENT_TARGET = 14.4;
				MTL_ENABLE_DEBUG_INFO = INCLUDE_SOURCE;
				MTL_FAST_MATH = YES;
				ONLY_ACTIVE_ARCH = YES;
				SDKROOT = iphoneos;
				SWIFT_ACTIVE_COMPILATION_CONDITIONS = DEBUG;
				SWIFT_OPTIMIZATION_LEVEL = "-Onone";
			};
			name = Debug;
		};
		C22148F62622CC3A00F758C0 /* Release */ = {
			isa = XCBuildConfiguration;
			buildSettings = {
				ALWAYS_SEARCH_USER_PATHS = NO;
				CLANG_ANALYZER_NONNULL = YES;
				CLANG_ANALYZER_NUMBER_OBJECT_CONVERSION = YES_AGGRESSIVE;
				CLANG_CXX_LANGUAGE_STANDARD = "gnu++14";
				CLANG_CXX_LIBRARY = "libc++";
				CLANG_ENABLE_MODULES = YES;
				CLANG_ENABLE_OBJC_ARC = YES;
				CLANG_ENABLE_OBJC_WEAK = YES;
				CLANG_WARN_BLOCK_CAPTURE_AUTORELEASING = YES;
				CLANG_WARN_BOOL_CONVERSION = YES;
				CLANG_WARN_COMMA = YES;
				CLANG_WARN_CONSTANT_CONVERSION = YES;
				CLANG_WARN_DEPRECATED_OBJC_IMPLEMENTATIONS = YES;
				CLANG_WARN_DIRECT_OBJC_ISA_USAGE = YES_ERROR;
				CLANG_WARN_DOCUMENTATION_COMMENTS = YES;
				CLANG_WARN_EMPTY_BODY = YES;
				CLANG_WARN_ENUM_CONVERSION = YES;
				CLANG_WARN_INFINITE_RECURSION = YES;
				CLANG_WARN_INT_CONVERSION = YES;
				CLANG_WARN_NON_LITERAL_NULL_CONVERSION = YES;
				CLANG_WARN_OBJC_IMPLICIT_RETAIN_SELF = YES;
				CLANG_WARN_OBJC_LITERAL_CONVERSION = YES;
				CLANG_WARN_OBJC_ROOT_CLASS = YES_ERROR;
				CLANG_WARN_QUOTED_INCLUDE_IN_FRAMEWORK_HEADER = YES;
				CLANG_WARN_RANGE_LOOP_ANALYSIS = YES;
				CLANG_WARN_STRICT_PROTOTYPES = YES;
				CLANG_WARN_SUSPICIOUS_MOVE = YES;
				CLANG_WARN_UNGUARDED_AVAILABILITY = YES_AGGRESSIVE;
				CLANG_WARN_UNREACHABLE_CODE = YES;
				CLANG_WARN__DUPLICATE_METHOD_MATCH = YES;
				COPY_PHASE_STRIP = NO;
				DEBUG_INFORMATION_FORMAT = "dwarf-with-dsym";
				ENABLE_NS_ASSERTIONS = NO;
				ENABLE_STRICT_OBJC_MSGSEND = YES;
				GCC_C_LANGUAGE_STANDARD = gnu11;
				GCC_NO_COMMON_BLOCKS = YES;
				GCC_WARN_64_TO_32_BIT_CONVERSION = YES;
				GCC_WARN_ABOUT_RETURN_TYPE = YES_ERROR;
				GCC_WARN_UNDECLARED_SELECTOR = YES;
				GCC_WARN_UNINITIALIZED_AUTOS = YES_AGGRESSIVE;
				GCC_WARN_UNUSED_FUNCTION = YES;
				GCC_WARN_UNUSED_VARIABLE = YES;
				IPHONEOS_DEPLOYMENT_TARGET = 14.4;
				MTL_ENABLE_DEBUG_INFO = NO;
				MTL_FAST_MATH = YES;
				SDKROOT = iphoneos;
				SWIFT_COMPILATION_MODE = wholemodule;
				SWIFT_OPTIMIZATION_LEVEL = "-O";
				VALIDATE_PRODUCT = YES;
			};
			name = Release;
		};
		C22148F82622CC3A00F758C0 /* Debug */ = {
			isa = XCBuildConfiguration;
			buildSettings = {
				ASSETCATALOG_COMPILER_APPICON_NAME = AppIcon;
				ASSETCATALOG_COMPILER_GLOBAL_ACCENT_COLOR_NAME = AccentColor;
				CODE_SIGN_STYLE = Automatic;
				DEVELOPMENT_TEAM = 9SM9DH3BE7;
				INFOPLIST_FILE = LoadViewControllers/Info.plist;
				LD_RUNPATH_SEARCH_PATHS = (
					"$(inherited)",
					"@executable_path/Frameworks",
				);
				PRODUCT_BUNDLE_IDENTIFIER = com.chia.LoadViewControllers;
				PRODUCT_NAME = "$(TARGET_NAME)";
				SWIFT_VERSION = 5.0;
				TARGETED_DEVICE_FAMILY = "1,2";
			};
			name = Debug;
		};
		C22148F92622CC3A00F758C0 /* Release */ = {
			isa = XCBuildConfiguration;
			buildSettings = {
				ASSETCATALOG_COMPILER_APPICON_NAME = AppIcon;
				ASSETCATALOG_COMPILER_GLOBAL_ACCENT_COLOR_NAME = AccentColor;
				CODE_SIGN_STYLE = Automatic;
				DEVELOPMENT_TEAM = 9SM9DH3BE7;
				INFOPLIST_FILE = LoadViewControllers/Info.plist;
				LD_RUNPATH_SEARCH_PATHS = (
					"$(inherited)",
					"@executable_path/Frameworks",
				);
				PRODUCT_BUNDLE_IDENTIFIER = com.chia.LoadViewControllers;
				PRODUCT_NAME = "$(TARGET_NAME)";
				SWIFT_VERSION = 5.0;
				TARGETED_DEVICE_FAMILY = "1,2";
			};
			name = Release;
		};
		C22148FB2622CC3A00F758C0 /* Debug */ = {
			isa = XCBuildConfiguration;
			buildSettings = {
				ALWAYS_EMBED_SWIFT_STANDARD_LIBRARIES = YES;
				BUNDLE_LOADER = "$(TEST_HOST)";
				CODE_SIGN_STYLE = Automatic;
				DEVELOPMENT_TEAM = 9SM9DH3BE7;
				INFOPLIST_FILE = LoadViewControllersTests/Info.plist;
				IPHONEOS_DEPLOYMENT_TARGET = 14.4;
				LD_RUNPATH_SEARCH_PATHS = (
					"$(inherited)",
					"@executable_path/Frameworks",
					"@loader_path/Frameworks",
				);
				PRODUCT_BUNDLE_IDENTIFIER = com.chia.LoadViewControllersTests;
				PRODUCT_NAME = "$(TARGET_NAME)";
				SWIFT_VERSION = 5.0;
				TARGETED_DEVICE_FAMILY = "1,2";
				TEST_HOST = "$(BUILT_PRODUCTS_DIR)/LoadViewControllers.app/LoadViewControllers";
			};
			name = Debug;
		};
		C22148FC2622CC3A00F758C0 /* Release */ = {
			isa = XCBuildConfiguration;
			buildSettings = {
				ALWAYS_EMBED_SWIFT_STANDARD_LIBRARIES = YES;
				BUNDLE_LOADER = "$(TEST_HOST)";
				CODE_SIGN_STYLE = Automatic;
				DEVELOPMENT_TEAM = 9SM9DH3BE7;
				INFOPLIST_FILE = LoadViewControllersTests/Info.plist;
				IPHONEOS_DEPLOYMENT_TARGET = 14.4;
				LD_RUNPATH_SEARCH_PATHS = (
					"$(inherited)",
					"@executable_path/Frameworks",
					"@loader_path/Frameworks",
				);
				PRODUCT_BUNDLE_IDENTIFIER = com.chia.LoadViewControllersTests;
				PRODUCT_NAME = "$(TARGET_NAME)";
				SWIFT_VERSION = 5.0;
				TARGETED_DEVICE_FAMILY = "1,2";
				TEST_HOST = "$(BUILT_PRODUCTS_DIR)/LoadViewControllers.app/LoadViewControllers";
			};
			name = Release;
		};
		C22148FE2622CC3A00F758C0 /* Debug */ = {
			isa = XCBuildConfiguration;
			buildSettings = {
				ALWAYS_EMBED_SWIFT_STANDARD_LIBRARIES = YES;
				CODE_SIGN_STYLE = Automatic;
				DEVELOPMENT_TEAM = 9SM9DH3BE7;
				INFOPLIST_FILE = LoadViewControllersUITests/Info.plist;
				LD_RUNPATH_SEARCH_PATHS = (
					"$(inherited)",
					"@executable_path/Frameworks",
					"@loader_path/Frameworks",
				);
				PRODUCT_BUNDLE_IDENTIFIER = com.chia.LoadViewControllersUITests;
				PRODUCT_NAME = "$(TARGET_NAME)";
				SWIFT_VERSION = 5.0;
				TARGETED_DEVICE_FAMILY = "1,2";
				TEST_TARGET_NAME = LoadViewControllers;
			};
			name = Debug;
		};
		C22148FF2622CC3A00F758C0 /* Release */ = {
			isa = XCBuildConfiguration;
			buildSettings = {
				ALWAYS_EMBED_SWIFT_STANDARD_LIBRARIES = YES;
				CODE_SIGN_STYLE = Automatic;
				DEVELOPMENT_TEAM = 9SM9DH3BE7;
				INFOPLIST_FILE = LoadViewControllersUITests/Info.plist;
				LD_RUNPATH_SEARCH_PATHS = (
					"$(inherited)",
					"@executable_path/Frameworks",
					"@loader_path/Frameworks",
				);
				PRODUCT_BUNDLE_IDENTIFIER = com.chia.LoadViewControllersUITests;
				PRODUCT_NAME = "$(TARGET_NAME)";
				SWIFT_VERSION = 5.0;
				TARGETED_DEVICE_FAMILY = "1,2";
				TEST_TARGET_NAME = LoadViewControllers;
			};
			name = Release;
		};
/* End XCBuildConfiguration section */

/* Begin XCConfigurationList section */
		C22148C82622CC3900F758C0 /* Build configuration list for PBXProject "LoadViewControllers" */ = {
			isa = XCConfigurationList;
			buildConfigurations = (
				C22148F52622CC3A00F758C0 /* Debug */,
				C22148F62622CC3A00F758C0 /* Release */,
			);
			defaultConfigurationIsVisible = 0;
			defaultConfigurationName = Release;
		};
		C22148F72622CC3A00F758C0 /* Build configuration list for PBXNativeTarget "LoadViewControllers" */ = {
			isa = XCConfigurationList;
			buildConfigurations = (
				C22148F82622CC3A00F758C0 /* Debug */,
				C22148F92622CC3A00F758C0 /* Release */,
			);
			defaultConfigurationIsVisible = 0;
			defaultConfigurationName = Release;
		};
		C22148FA2622CC3A00F758C0 /* Build configuration list for PBXNativeTarget "LoadViewControllersTests" */ = {
			isa = XCConfigurationList;
			buildConfigurations = (
				C22148FB2622CC3A00F758C0 /* Debug */,
				C22148FC2622CC3A00F758C0 /* Release */,
			);
			defaultConfigurationIsVisible = 0;
			defaultConfigurationName = Release;
		};
		C22148FD2622CC3A00F758C0 /* Build configuration list for PBXNativeTarget "LoadViewControllersUITests" */ = {
			isa = XCConfigurationList;
			buildConfigurations = (
				C22148FE2622CC3A00F758C0 /* Debug */,
				C22148FF2622CC3A00F758C0 /* Release */,
			);
			defaultConfigurationIsVisible = 0;
			defaultConfigurationName = Release;
		};
/* End XCConfigurationList section */
	};
	rootObject = C22148C52622CC3900F758C0 /* Project object */;
}
