// !$*UTF8*$!
{
	archiveVersion = 1;
	classes = {
	};
	objectVersion = 50;
	objects = {

/* Begin PBXBuildFile section */
		C2D3809A262B2313006B238A /* AppDelegate.swift in Sources */ = {isa = PBXBuildFile; fileRef = C2D38099262B2313006B238A /* AppDelegate.swift */; };
		C2D3809C262B2313006B238A /* SceneDelegate.swift in Sources */ = {isa = PBXBuildFile; fileRef = C2D3809B262B2313006B238A /* SceneDelegate.swift */; };
		C2D3809E262B2313006B238A /* ViewController.swift in Sources */ = {isa = PBXBuildFile; fileRef = C2D3809D262B2313006B238A /* ViewController.swift */; };
		C2D380A1262B2313006B238A /* Main.storyboard in Resources */ = {isa = PBXBuildFile; fileRef = C2D3809F262B2313006B238A /* Main.storyboard */; };
		C2D380A3262B2314006B238A /* Assets.xcassets in Resources */ = {isa = PBXBuildFile; fileRef = C2D380A2262B2314006B238A /* Assets.xcassets */; };
		C2D380A6262B2314006B238A /* LaunchScreen.storyboard in Resources */ = {isa = PBXBuildFile; fileRef = C2D380A4262B2314006B238A /* LaunchScreen.storyboard */; };
		C2D380B1262B2314006B238A /* RefactoringTests.swift in Sources */ = {isa = PBXBuildFile; fileRef = C2D380B0262B2314006B238A /* RefactoringTests.swift */; };
		C2D380BC262B2314006B238A /* RefactoringUITests.swift in Sources */ = {isa = PBXBuildFile; fileRef = C2D380BB262B2314006B238A /* RefactoringUITests.swift */; };
/* End PBXBuildFile section */

/* Begin PBXContainerItemProxy section */
		C2D380AD262B2314006B238A /* PBXContainerItemProxy */ = {
			isa = PBXContainerItemProxy;
			containerPortal = C2D3808E262B2313006B238A /* Project object */;
			proxyType = 1;
			remoteGlobalIDString = C2D38095262B2313006B238A;
			remoteInfo = Refactoring;
		};
		C2D380B8262B2314006B238A /* PBXContainerItemProxy */ = {
			isa = PBXContainerItemProxy;
			containerPortal = C2D3808E262B2313006B238A /* Project object */;
			proxyType = 1;
			remoteGlobalIDString = C2D38095262B2313006B238A;
			remoteInfo = Refactoring;
		};
/* End PBXContainerItemProxy section */

/* Begin PBXFileReference section */
		C2D38096262B2313006B238A /* Refactoring.app */ = {isa = PBXFileReference; explicitFileType = wrapper.application; includeInIndex = 0; path = Refactoring.app; sourceTree = BUILT_PRODUCTS_DIR; };
		C2D38099262B2313006B238A /* AppDelegate.swift */ = {isa = PBXFileReference; lastKnownFileType = sourcecode.swift; path = AppDelegate.swift; sourceTree = "<group>"; };
		C2D3809B262B2313006B238A /* SceneDelegate.swift */ = {isa = PBXFileReference; lastKnownFileType = sourcecode.swift; path = SceneDelegate.swift; sourceTree = "<group>"; };
		C2D3809D262B2313006B238A /* ViewController.swift */ = {isa = PBXFileReference; lastKnownFileType = sourcecode.swift; path = ViewController.swift; sourceTree = "<group>"; };
		C2D380A0262B2313006B238A /* Base */ = {isa = PBXFileReference; lastKnownFileType = file.storyboard; name = Base; path = Base.lproj/Main.storyboard; sourceTree = "<group>"; };
		C2D380A2262B2314006B238A /* Assets.xcassets */ = {isa = PBXFileReference; lastKnownFileType = folder.assetcatalog; path = Assets.xcassets; sourceTree = "<group>"; };
		C2D380A5262B2314006B238A /* Base */ = {isa = PBXFileReference; lastKnownFileType = file.storyboard; name = Base; path = Base.lproj/LaunchScreen.storyboard; sourceTree = "<group>"; };
		C2D380A7262B2314006B238A /* Info.plist */ = {isa = PBXFileReference; lastKnownFileType = text.plist.xml; path = Info.plist; sourceTree = "<group>"; };
		C2D380AC262B2314006B238A /* RefactoringTests.xctest */ = {isa = PBXFileReference; explicitFileType = wrapper.cfbundle; includeInIndex = 0; path = RefactoringTests.xctest; sourceTree = BUILT_PRODUCTS_DIR; };
		C2D380B0262B2314006B238A /* RefactoringTests.swift */ = {isa = PBXFileReference; lastKnownFileType = sourcecode.swift; path = RefactoringTests.swift; sourceTree = "<group>"; };
		C2D380B2262B2314006B238A /* Info.plist */ = {isa = PBXFileReference; lastKnownFileType = text.plist.xml; path = Info.plist; sourceTree = "<group>"; };
		C2D380B7262B2314006B238A /* RefactoringUITests.xctest */ = {isa = PBXFileReference; explicitFileType = wrapper.cfbundle; includeInIndex = 0; path = RefactoringUITests.xctest; sourceTree = BUILT_PRODUCTS_DIR; };
		C2D380BB262B2314006B238A /* RefactoringUITests.swift */ = {isa = PBXFileReference; lastKnownFileType = sourcecode.swift; path = RefactoringUITests.swift; sourceTree = "<group>"; };
		C2D380BD262B2314006B238A /* Info.plist */ = {isa = PBXFileReference; lastKnownFileType = text.plist.xml; path = Info.plist; sourceTree = "<group>"; };
/* End PBXFileReference section */

/* Begin PBXFrameworksBuildPhase section */
		C2D38093262B2313006B238A /* Frameworks */ = {
			isa = PBXFrameworksBuildPhase;
			buildActionMask = 2147483647;
			files = (
			);
			runOnlyForDeploymentPostprocessing = 0;
		};
		C2D380A9262B2314006B238A /* Frameworks */ = {
			isa = PBXFrameworksBuildPhase;
			buildActionMask = 2147483647;
			files = (
			);
			runOnlyForDeploymentPostprocessing = 0;
		};
		C2D380B4262B2314006B238A /* Frameworks */ = {
			isa = PBXFrameworksBuildPhase;
			buildActionMask = 2147483647;
			files = (
			);
			runOnlyForDeploymentPostprocessing = 0;
		};
/* End PBXFrameworksBuildPhase section */

/* Begin PBXGroup section */
		C2D3808D262B2313006B238A = {
			isa = PBXGroup;
			children = (
				C2D38098262B2313006B238A /* Refactoring */,
				C2D380AF262B2314006B238A /* RefactoringTests */,
				C2D380BA262B2314006B238A /* RefactoringUITests */,
				C2D38097262B2313006B238A /* Products */,
			);
			sourceTree = "<group>";
		};
		C2D38097262B2313006B238A /* Products */ = {
			isa = PBXGroup;
			children = (
				C2D38096262B2313006B238A /* Refactoring.app */,
				C2D380AC262B2314006B238A /* RefactoringTests.xctest */,
				C2D380B7262B2314006B238A /* RefactoringUITests.xctest */,
			);
			name = Products;
			sourceTree = "<group>";
		};
		C2D38098262B2313006B238A /* Refactoring */ = {
			isa = PBXGroup;
			children = (
				C2D38099262B2313006B238A /* AppDelegate.swift */,
				C2D3809B262B2313006B238A /* SceneDelegate.swift */,
				C2D3809D262B2313006B238A /* ViewController.swift */,
				C2D3809F262B2313006B238A /* Main.storyboard */,
				C2D380A2262B2314006B238A /* Assets.xcassets */,
				C2D380A4262B2314006B238A /* LaunchScreen.storyboard */,
				C2D380A7262B2314006B238A /* Info.plist */,
			);
			path = Refactoring;
			sourceTree = "<group>";
		};
		C2D380AF262B2314006B238A /* RefactoringTests */ = {
			isa = PBXGroup;
			children = (
				C2D380B0262B2314006B238A /* RefactoringTests.swift */,
				C2D380B2262B2314006B238A /* Info.plist */,
			);
			path = RefactoringTests;
			sourceTree = "<group>";
		};
		C2D380BA262B2314006B238A /* RefactoringUITests */ = {
			isa = PBXGroup;
			children = (
				C2D380BB262B2314006B238A /* RefactoringUITests.swift */,
				C2D380BD262B2314006B238A /* Info.plist */,
			);
			path = RefactoringUITests;
			sourceTree = "<group>";
		};
/* End PBXGroup section */

/* Begin PBXNativeTarget section */
		C2D38095262B2313006B238A /* Refactoring */ = {
			isa = PBXNativeTarget;
			buildConfigurationList = C2D380C0262B2314006B238A /* Build configuration list for PBXNativeTarget "Refactoring" */;
			buildPhases = (
				C2D38092262B2313006B238A /* Sources */,
				C2D38093262B2313006B238A /* Frameworks */,
				C2D38094262B2313006B238A /* Resources */,
			);
			buildRules = (
			);
			dependencies = (
			);
			name = Refactoring;
			productName = Refactoring;
			productReference = C2D38096262B2313006B238A /* Refactoring.app */;
			productType = "com.apple.product-type.application";
		};
		C2D380AB262B2314006B238A /* RefactoringTests */ = {
			isa = PBXNativeTarget;
			buildConfigurationList = C2D380C3262B2314006B238A /* Build configuration list for PBXNativeTarget "RefactoringTests" */;
			buildPhases = (
				C2D380A8262B2314006B238A /* Sources */,
				C2D380A9262B2314006B238A /* Frameworks */,
				C2D380AA262B2314006B238A /* Resources */,
			);
			buildRules = (
			);
			dependencies = (
				C2D380AE262B2314006B238A /* PBXTargetDependency */,
			);
			name = RefactoringTests;
			productName = RefactoringTests;
			productReference = C2D380AC262B2314006B238A /* RefactoringTests.xctest */;
			productType = "com.apple.product-type.bundle.unit-test";
		};
		C2D380B6262B2314006B238A /* RefactoringUITests */ = {
			isa = PBXNativeTarget;
			buildConfigurationList = C2D380C6262B2314006B238A /* Build configuration list for PBXNativeTarget "RefactoringUITests" */;
			buildPhases = (
				C2D380B3262B2314006B238A /* Sources */,
				C2D380B4262B2314006B238A /* Frameworks */,
				C2D380B5262B2314006B238A /* Resources */,
			);
			buildRules = (
			);
			dependencies = (
				C2D380B9262B2314006B238A /* PBXTargetDependency */,
			);
			name = RefactoringUITests;
			productName = RefactoringUITests;
			productReference = C2D380B7262B2314006B238A /* RefactoringUITests.xctest */;
			productType = "com.apple.product-type.bundle.ui-testing";
		};
/* End PBXNativeTarget section */

/* Begin PBXProject section */
		C2D3808E262B2313006B238A /* Project object */ = {
			isa = PBXProject;
			attributes = {
				LastSwiftUpdateCheck = 1240;
				LastUpgradeCheck = 1240;
				TargetAttributes = {
					C2D38095262B2313006B238A = {
						CreatedOnToolsVersion = 12.4;
					};
					C2D380AB262B2314006B238A = {
						CreatedOnToolsVersion = 12.4;
						TestTargetID = C2D38095262B2313006B238A;
					};
					C2D380B6262B2314006B238A = {
						CreatedOnToolsVersion = 12.4;
						TestTargetID = C2D38095262B2313006B238A;
					};
				};
			};
			buildConfigurationList = C2D38091262B2313006B238A /* Build configuration list for PBXProject "Refactoring" */;
			compatibilityVersion = "Xcode 9.3";
			developmentRegion = en;
			hasScannedForEncodings = 0;
			knownRegions = (
				en,
				Base,
			);
			mainGroup = C2D3808D262B2313006B238A;
			productRefGroup = C2D38097262B2313006B238A /* Products */;
			projectDirPath = "";
			projectRoot = "";
			targets = (
				C2D38095262B2313006B238A /* Refactoring */,
				C2D380AB262B2314006B238A /* RefactoringTests */,
				C2D380B6262B2314006B238A /* RefactoringUITests */,
			);
		};
/* End PBXProject section */

/* Begin PBXResourcesBuildPhase section */
		C2D38094262B2313006B238A /* Resources */ = {
			isa = PBXResourcesBuildPhase;
			buildActionMask = 2147483647;
			files = (
				C2D380A6262B2314006B238A /* LaunchScreen.storyboard in Resources */,
				C2D380A3262B2314006B238A /* Assets.xcassets in Resources */,
				C2D380A1262B2313006B238A /* Main.storyboard in Resources */,
			);
			runOnlyForDeploymentPostprocessing = 0;
		};
		C2D380AA262B2314006B238A /* Resources */ = {
			isa = PBXResourcesBuildPhase;
			buildActionMask = 2147483647;
			files = (
			);
			runOnlyForDeploymentPostprocessing = 0;
		};
		C2D380B5262B2314006B238A /* Resources */ = {
			isa = PBXResourcesBuildPhase;
			buildActionMask = 2147483647;
			files = (
			);
			runOnlyForDeploymentPostprocessing = 0;
		};
/* End PBXResourcesBuildPhase section */

/* Begin PBXSourcesBuildPhase section */
		C2D38092262B2313006B238A /* Sources */ = {
			isa = PBXSourcesBuildPhase;
			buildActionMask = 2147483647;
			files = (
				C2D3809E262B2313006B238A /* ViewController.swift in Sources */,
				C2D3809A262B2313006B238A /* AppDelegate.swift in Sources */,
				C2D3809C262B2313006B238A /* SceneDelegate.swift in Sources */,
			);
			runOnlyForDeploymentPostprocessing = 0;
		};
		C2D380A8262B2314006B238A /* Sources */ = {
			isa = PBXSourcesBuildPhase;
			buildActionMask = 2147483647;
			files = (
				C2D380B1262B2314006B238A /* RefactoringTests.swift in Sources */,
			);
			runOnlyForDeploymentPostprocessing = 0;
		};
		C2D380B3262B2314006B238A /* Sources */ = {
			isa = PBXSourcesBuildPhase;
			buildActionMask = 2147483647;
			files = (
				C2D380BC262B2314006B238A /* RefactoringUITests.swift in Sources */,
			);
			runOnlyForDeploymentPostprocessing = 0;
		};
/* End PBXSourcesBuildPhase section */

/* Begin PBXTargetDependency section */
		C2D380AE262B2314006B238A /* PBXTargetDependency */ = {
			isa = PBXTargetDependency;
			target = C2D38095262B2313006B238A /* Refactoring */;
			targetProxy = C2D380AD262B2314006B238A /* PBXContainerItemProxy */;
		};
		C2D380B9262B2314006B238A /* PBXTargetDependency */ = {
			isa = PBXTargetDependency;
			target = C2D38095262B2313006B238A /* Refactoring */;
			targetProxy = C2D380B8262B2314006B238A /* PBXContainerItemProxy */;
		};
/* End PBXTargetDependency section */

/* Begin PBXVariantGroup section */
		C2D3809F262B2313006B238A /* Main.storyboard */ = {
			isa = PBXVariantGroup;
			children = (
				C2D380A0262B2313006B238A /* Base */,
			);
			name = Main.storyboard;
			sourceTree = "<group>";
		};
		C2D380A4262B2314006B238A /* LaunchScreen.storyboard */ = {
			isa = PBXVariantGroup;
			children = (
				C2D380A5262B2314006B238A /* Base */,
			);
			name = LaunchScreen.storyboard;
			sourceTree = "<group>";
		};
/* End PBXVariantGroup section */

/* Begin XCBuildConfiguration section */
		C2D380BE262B2314006B238A /* Debug */ = {
			isa = XCBuildConfiguration;
			buildSettings = {
				ALWAYS_SEARCH_USER_PATHS = NO;
				CLANG_ANALYZER_NONNULL = YES;
				CLANG_ANALYZER_NUMBER_OBJECT_CONVERSION = YES_AGGRESSIVE;
				CLANG_CXX_LANGUAGE_STANDARD = "gnu++14";
				CLANG_CXX_LIBRARY = "libc++";
				CLANG_ENABLE_MODULES = YES;
				CLANG_ENABLE_OBJC_ARC = YES;
				CLANG_ENABLE_OBJC_WEAK = YES;
				CLANG_WARN_BLOCK_CAPTURE_AUTORELEASING = YES;
				CLANG_WARN_BOOL_CONVERSION = YES;
				CLANG_WARN_COMMA = YES;
				CLANG_WARN_CONSTANT_CONVERSION = YES;
				CLANG_WARN_DEPRECATED_OBJC_IMPLEMENTATIONS = YES;
				CLANG_WARN_DIRECT_OBJC_ISA_USAGE = YES_ERROR;
				CLANG_WARN_DOCUMENTATION_COMMENTS = YES;
				CLANG_WARN_EMPTY_BODY = YES;
				CLANG_WARN_ENUM_CONVERSION = YES;
				CLANG_WARN_INFINITE_RECURSION = YES;
				CLANG_WARN_INT_CONVERSION = YES;
				CLANG_WARN_NON_LITERAL_NULL_CONVERSION = YES;
				CLANG_WARN_OBJC_IMPLICIT_RETAIN_SELF = YES;
				CLANG_WARN_OBJC_LITERAL_CONVERSION = YES;
				CLANG_WARN_OBJC_ROOT_CLASS = YES_ERROR;
				CLANG_WARN_QUOTED_INCLUDE_IN_FRAMEWORK_HEADER = YES;
				CLANG_WARN_RANGE_LOOP_ANALYSIS = YES;
				CLANG_WARN_STRICT_PROTOTYPES = YES;
				CLANG_WARN_SUSPICIOUS_MOVE = YES;
				CLANG_WARN_UNGUARDED_AVAILABILITY = YES_AGGRESSIVE;
				CLANG_WARN_UNREACHABLE_CODE = YES;
				CLANG_WARN__DUPLICATE_METHOD_MATCH = YES;
				COPY_PHASE_STRIP = NO;
				DEBUG_INFORMATION_FORMAT = dwarf;
				ENABLE_STRICT_OBJC_MSGSEND = YES;
				ENABLE_TESTABILITY = YES;
				GCC_C_LANGUAGE_STANDARD = gnu11;
				GCC_DYNAMIC_NO_PIC = NO;
				GCC_NO_COMMON_BLOCKS = YES;
				GCC_OPTIMIZATION_LEVEL = 0;
				GCC_PREPROCESSOR_DEFINITIONS = (
					"DEBUG=1",
					"$(inherited)",
				);
				GCC_WARN_64_TO_32_BIT_CONVERSION = YES;
				GCC_WARN_ABOUT_RETURN_TYPE = YES_ERROR;
				GCC_WARN_UNDECLARED_SELECTOR = YES;
				GCC_WARN_UNINITIALIZED_AUTOS = YES_AGGRESSIVE;
				GCC_WARN_UNUSED_FUNCTION = YES;
				GCC_WARN_UNUSED_VARIABLE = YES;
				IPHONEOS_DEPLOYMENT_TARGET = 14.4;
				MTL_ENABLE_DEBUG_INFO = INCLUDE_SOURCE;
				MTL_FAST_MATH = YES;
				ONLY_ACTIVE_ARCH = YES;
				SDKROOT = iphoneos;
				SWIFT_ACTIVE_COMPILATION_CONDITIONS = DEBUG;
				SWIFT_OPTIMIZATION_LEVEL = "-Onone";
			};
			name = Debug;
		};
		C2D380BF262B2314006B238A /* Release */ = {
			isa = XCBuildConfiguration;
			buildSettings = {
				ALWAYS_SEARCH_USER_PATHS = NO;
				CLANG_ANALYZER_NONNULL = YES;
				CLANG_ANALYZER_NUMBER_OBJECT_CONVERSION = YES_AGGRESSIVE;
				CLANG_CXX_LANGUAGE_STANDARD = "gnu++14";
				CLANG_CXX_LIBRARY = "libc++";
				CLANG_ENABLE_MODULES = YES;
				CLANG_ENABLE_OBJC_ARC = YES;
				CLANG_ENABLE_OBJC_WEAK = YES;
				CLANG_WARN_BLOCK_CAPTURE_AUTORELEASING = YES;
				CLANG_WARN_BOOL_CONVERSION = YES;
				CLANG_WARN_COMMA = YES;
				CLANG_WARN_CONSTANT_CONVERSION = YES;
				CLANG_WARN_DEPRECATED_OBJC_IMPLEMENTATIONS = YES;
				CLANG_WARN_DIRECT_OBJC_ISA_USAGE = YES_ERROR;
				CLANG_WARN_DOCUMENTATION_COMMENTS = YES;
				CLANG_WARN_EMPTY_BODY = YES;
				CLANG_WARN_ENUM_CONVERSION = YES;
				CLANG_WARN_INFINITE_RECURSION = YES;
				CLANG_WARN_INT_CONVERSION = YES;
				CLANG_WARN_NON_LITERAL_NULL_CONVERSION = YES;
				CLANG_WARN_OBJC_IMPLICIT_RETAIN_SELF = YES;
				CLANG_WARN_OBJC_LITERAL_CONVERSION = YES;
				CLANG_WARN_OBJC_ROOT_CLASS = YES_ERROR;
				CLANG_WARN_QUOTED_INCLUDE_IN_FRAMEWORK_HEADER = YES;
				CLANG_WARN_RANGE_LOOP_ANALYSIS = YES;
				CLANG_WARN_STRICT_PROTOTYPES = YES;
				CLANG_WARN_SUSPICIOUS_MOVE = YES;
				CLANG_WARN_UNGUARDED_AVAILABILITY = YES_AGGRESSIVE;
				CLANG_WARN_UNREACHABLE_CODE = YES;
				CLANG_WARN__DUPLICATE_METHOD_MATCH = YES;
				COPY_PHASE_STRIP = NO;
				DEBUG_INFORMATION_FORMAT = "dwarf-with-dsym";
				ENABLE_NS_ASSERTIONS = NO;
				ENABLE_STRICT_OBJC_MSGSEND = YES;
				GCC_C_LANGUAGE_STANDARD = gnu11;
				GCC_NO_COMMON_BLOCKS = YES;
				GCC_WARN_64_TO_32_BIT_CONVERSION = YES;
				GCC_WARN_ABOUT_RETURN_TYPE = YES_ERROR;
				GCC_WARN_UNDECLARED_SELECTOR = YES;
				GCC_WARN_UNINITIALIZED_AUTOS = YES_AGGRESSIVE;
				GCC_WARN_UNUSED_FUNCTION = YES;
				GCC_WARN_UNUSED_VARIABLE = YES;
				IPHONEOS_DEPLOYMENT_TARGET = 14.4;
				MTL_ENABLE_DEBUG_INFO = NO;
				MTL_FAST_MATH = YES;
				SDKROOT = iphoneos;
				SWIFT_COMPILATION_MODE = wholemodule;
				SWIFT_OPTIMIZATION_LEVEL = "-O";
				VALIDATE_PRODUCT = YES;
			};
			name = Release;
		};
		C2D380C1262B2314006B238A /* Debug */ = {
			isa = XCBuildConfiguration;
			buildSettings = {
				ASSETCATALOG_COMPILER_APPICON_NAME = AppIcon;
				ASSETCATALOG_COMPILER_GLOBAL_ACCENT_COLOR_NAME = AccentColor;
				CODE_SIGN_STYLE = Automatic;
				DEVELOPMENT_TEAM = 9SM9DH3BE7;
				INFOPLIST_FILE = Refactoring/Info.plist;
				LD_RUNPATH_SEARCH_PATHS = (
					"$(inherited)",
					"@executable_path/Frameworks",
				);
				PRODUCT_BUNDLE_IDENTIFIER = com.chia.Refactoring;
				PRODUCT_NAME = "$(TARGET_NAME)";
				SWIFT_VERSION = 5.0;
				TARGETED_DEVICE_FAMILY = "1,2";
			};
			name = Debug;
		};
		C2D380C2262B2314006B238A /* Release */ = {
			isa = XCBuildConfiguration;
			buildSettings = {
				ASSETCATALOG_COMPILER_APPICON_NAME = AppIcon;
				ASSETCATALOG_COMPILER_GLOBAL_ACCENT_COLOR_NAME = AccentColor;
				CODE_SIGN_STYLE = Automatic;
				DEVELOPMENT_TEAM = 9SM9DH3BE7;
				INFOPLIST_FILE = Refactoring/Info.plist;
				LD_RUNPATH_SEARCH_PATHS = (
					"$(inherited)",
					"@executable_path/Frameworks",
				);
				PRODUCT_BUNDLE_IDENTIFIER = com.chia.Refactoring;
				PRODUCT_NAME = "$(TARGET_NAME)";
				SWIFT_VERSION = 5.0;
				TARGETED_DEVICE_FAMILY = "1,2";
			};
			name = Release;
		};
		C2D380C4262B2314006B238A /* Debug */ = {
			isa = XCBuildConfiguration;
			buildSettings = {
				ALWAYS_EMBED_SWIFT_STANDARD_LIBRARIES = YES;
				BUNDLE_LOADER = "$(TEST_HOST)";
				CODE_SIGN_STYLE = Automatic;
				DEVELOPMENT_TEAM = 9SM9DH3BE7;
				INFOPLIST_FILE = RefactoringTests/Info.plist;
				IPHONEOS_DEPLOYMENT_TARGET = 14.4;
				LD_RUNPATH_SEARCH_PATHS = (
					"$(inherited)",
					"@executable_path/Frameworks",
					"@loader_path/Frameworks",
				);
				PRODUCT_BUNDLE_IDENTIFIER = com.chia.RefactoringTests;
				PRODUCT_NAME = "$(TARGET_NAME)";
				SWIFT_VERSION = 5.0;
				TARGETED_DEVICE_FAMILY = "1,2";
				TEST_HOST = "$(BUILT_PRODUCTS_DIR)/Refactoring.app/Refactoring";
			};
			name = Debug;
		};
		C2D380C5262B2314006B238A /* Release */ = {
			isa = XCBuildConfiguration;
			buildSettings = {
				ALWAYS_EMBED_SWIFT_STANDARD_LIBRARIES = YES;
				BUNDLE_LOADER = "$(TEST_HOST)";
				CODE_SIGN_STYLE = Automatic;
				DEVELOPMENT_TEAM = 9SM9DH3BE7;
				INFOPLIST_FILE = RefactoringTests/Info.plist;
				IPHONEOS_DEPLOYMENT_TARGET = 14.4;
				LD_RUNPATH_SEARCH_PATHS = (
					"$(inherited)",
					"@executable_path/Frameworks",
					"@loader_path/Frameworks",
				);
				PRODUCT_BUNDLE_IDENTIFIER = com.chia.RefactoringTests;
				PRODUCT_NAME = "$(TARGET_NAME)";
				SWIFT_VERSION = 5.0;
				TARGETED_DEVICE_FAMILY = "1,2";
				TEST_HOST = "$(BUILT_PRODUCTS_DIR)/Refactoring.app/Refactoring";
			};
			name = Release;
		};
		C2D380C7262B2314006B238A /* Debug */ = {
			isa = XCBuildConfiguration;
			buildSettings = {
				ALWAYS_EMBED_SWIFT_STANDARD_LIBRARIES = YES;
				CODE_SIGN_STYLE = Automatic;
				DEVELOPMENT_TEAM = 9SM9DH3BE7;
				INFOPLIST_FILE = RefactoringUITests/Info.plist;
				LD_RUNPATH_SEARCH_PATHS = (
					"$(inherited)",
					"@executable_path/Frameworks",
					"@loader_path/Frameworks",
				);
				PRODUCT_BUNDLE_IDENTIFIER = com.chia.RefactoringUITests;
				PRODUCT_NAME = "$(TARGET_NAME)";
				SWIFT_VERSION = 5.0;
				TARGETED_DEVICE_FAMILY = "1,2";
				TEST_TARGET_NAME = Refactoring;
			};
			name = Debug;
		};
		C2D380C8262B2314006B238A /* Release */ = {
			isa = XCBuildConfiguration;
			buildSettings = {
				ALWAYS_EMBED_SWIFT_STANDARD_LIBRARIES = YES;
				CODE_SIGN_STYLE = Automatic;
				DEVELOPMENT_TEAM = 9SM9DH3BE7;
				INFOPLIST_FILE = RefactoringUITests/Info.plist;
				LD_RUNPATH_SEARCH_PATHS = (
					"$(inherited)",
					"@executable_path/Frameworks",
					"@loader_path/Frameworks",
				);
				PRODUCT_BUNDLE_IDENTIFIER = com.chia.RefactoringUITests;
				PRODUCT_NAME = "$(TARGET_NAME)";
				SWIFT_VERSION = 5.0;
				TARGETED_DEVICE_FAMILY = "1,2";
				TEST_TARGET_NAME = Refactoring;
			};
			name = Release;
		};
/* End XCBuildConfiguration section */

/* Begin XCConfigurationList section */
		C2D38091262B2313006B238A /* Build configuration list for PBXProject "Refactoring" */ = {
			isa = XCConfigurationList;
			buildConfigurations = (
				C2D380BE262B2314006B238A /* Debug */,
				C2D380BF262B2314006B238A /* Release */,
			);
			defaultConfigurationIsVisible = 0;
			defaultConfigurationName = Release;
		};
		C2D380C0262B2314006B238A /* Build configuration list for PBXNativeTarget "Refactoring" */ = {
			isa = XCConfigurationList;
			buildConfigurations = (
				C2D380C1262B2314006B238A /* Debug */,
				C2D380C2262B2314006B238A /* Release */,
			);
			defaultConfigurationIsVisible = 0;
			defaultConfigurationName = Release;
		};
		C2D380C3262B2314006B238A /* Build configuration list for PBXNativeTarget "RefactoringTests" */ = {
			isa = XCConfigurationList;
			buildConfigurations = (
				C2D380C4262B2314006B238A /* Debug */,
				C2D380C5262B2314006B238A /* Release */,
			);
			defaultConfigurationIsVisible = 0;
			defaultConfigurationName = Release;
		};
		C2D380C6262B2314006B238A /* Build configuration list for PBXNativeTarget "RefactoringUITests" */ = {
			isa = XCConfigurationList;
			buildConfigurations = (
				C2D380C7262B2314006B238A /* Debug */,
				C2D380C8262B2314006B238A /* Release */,
			);
			defaultConfigurationIsVisible = 0;
			defaultConfigurationName = Release;
		};
/* End XCConfigurationList section */
	};
	rootObject = C2D3808E262B2313006B238A /* Project object */;
}
