// !$*UTF8*$!
{
	archiveVersion = 1;
	classes = {
	};
	objectVersion = 50;
	objects = {

/* Begin PBXBuildFile section */
		C2214B3826234AFB00F758C0 /* AppDelegate.swift in Sources */ = {isa = PBXBuildFile; fileRef = C2214B3726234AFB00F758C0 /* AppDelegate.swift */; };
		C2214B3A26234AFB00F758C0 /* SceneDelegate.swift in Sources */ = {isa = PBXBuildFile; fileRef = C2214B3926234AFB00F758C0 /* SceneDelegate.swift */; };
		C2214B3C26234AFB00F758C0 /* ViewController.swift in Sources */ = {isa = PBXBuildFile; fileRef = C2214B3B26234AFB00F758C0 /* ViewController.swift */; };
		C2214B3F26234AFB00F758C0 /* Main.storyboard in Resources */ = {isa = PBXBuildFile; fileRef = C2214B3D26234AFB00F758C0 /* Main.storyboard */; };
		C2214B4126234AFC00F758C0 /* Assets.xcassets in Resources */ = {isa = PBXBuildFile; fileRef = C2214B4026234AFC00F758C0 /* Assets.xcassets */; };
		C2214B4426234AFC00F758C0 /* LaunchScreen.storyboard in Resources */ = {isa = PBXBuildFile; fileRef = C2214B4226234AFC00F758C0 /* LaunchScreen.storyboard */; };
		C2214B4F26234AFC00F758C0 /* UserDefaultsTests.swift in Sources */ = {isa = PBXBuildFile; fileRef = C2214B4E26234AFC00F758C0 /* UserDefaultsTests.swift */; };
		C2214B5A26234AFC00F758C0 /* UserDefaultsUITests.swift in Sources */ = {isa = PBXBuildFile; fileRef = C2214B5926234AFC00F758C0 /* UserDefaultsUITests.swift */; };
		C2214B6B26234EF400F758C0 /* FakeUserDefaults.swift in Sources */ = {isa = PBXBuildFile; fileRef = C2214B6A26234EF400F758C0 /* FakeUserDefaults.swift */; };
		C2214B7026234FB300F758C0 /* ViewControllerTests.swift in Sources */ = {isa = PBXBuildFile; fileRef = C2214B6F26234FB300F758C0 /* ViewControllerTests.swift */; };
		C2214B752623526D00F758C0 /* TestHelpers.swift in Sources */ = {isa = PBXBuildFile; fileRef = C2214B742623526D00F758C0 /* TestHelpers.swift */; };
/* End PBXBuildFile section */

/* Begin PBXContainerItemProxy section */
		C2214B4B26234AFC00F758C0 /* PBXContainerItemProxy */ = {
			isa = PBXContainerItemProxy;
			containerPortal = C2214B2C26234AFB00F758C0 /* Project object */;
			proxyType = 1;
			remoteGlobalIDString = C2214B3326234AFB00F758C0;
			remoteInfo = UserDefaults;
		};
		C2214B5626234AFC00F758C0 /* PBXContainerItemProxy */ = {
			isa = PBXContainerItemProxy;
			containerPortal = C2214B2C26234AFB00F758C0 /* Project object */;
			proxyType = 1;
			remoteGlobalIDString = C2214B3326234AFB00F758C0;
			remoteInfo = UserDefaults;
		};
/* End PBXContainerItemProxy section */

/* Begin PBXFileReference section */
		C2214B3426234AFB00F758C0 /* UserDefaults.app */ = {isa = PBXFileReference; explicitFileType = wrapper.application; includeInIndex = 0; path = UserDefaults.app; sourceTree = BUILT_PRODUCTS_DIR; };
		C2214B3726234AFB00F758C0 /* AppDelegate.swift */ = {isa = PBXFileReference; lastKnownFileType = sourcecode.swift; path = AppDelegate.swift; sourceTree = "<group>"; };
		C2214B3926234AFB00F758C0 /* SceneDelegate.swift */ = {isa = PBXFileReference; lastKnownFileType = sourcecode.swift; path = SceneDelegate.swift; sourceTree = "<group>"; };
		C2214B3B26234AFB00F758C0 /* ViewController.swift */ = {isa = PBXFileReference; lastKnownFileType = sourcecode.swift; path = ViewController.swift; sourceTree = "<group>"; };
		C2214B3E26234AFB00F758C0 /* Base */ = {isa = PBXFileReference; lastKnownFileType = file.storyboard; name = Base; path = Base.lproj/Main.storyboard; sourceTree = "<group>"; };
		C2214B4026234AFC00F758C0 /* Assets.xcassets */ = {isa = PBXFileReference; lastKnownFileType = folder.assetcatalog; path = Assets.xcassets; sourceTree = "<group>"; };
		C2214B4326234AFC00F758C0 /* Base */ = {isa = PBXFileReference; lastKnownFileType = file.storyboard; name = Base; path = Base.lproj/LaunchScreen.storyboard; sourceTree = "<group>"; };
		C2214B4526234AFC00F758C0 /* Info.plist */ = {isa = PBXFileReference; lastKnownFileType = text.plist.xml; path = Info.plist; sourceTree = "<group>"; };
		C2214B4A26234AFC00F758C0 /* UserDefaultsTests.xctest */ = {isa = PBXFileReference; explicitFileType = wrapper.cfbundle; includeInIndex = 0; path = UserDefaultsTests.xctest; sourceTree = BUILT_PRODUCTS_DIR; };
		C2214B4E26234AFC00F758C0 /* UserDefaultsTests.swift */ = {isa = PBXFileReference; lastKnownFileType = sourcecode.swift; path = UserDefaultsTests.swift; sourceTree = "<group>"; };
		C2214B5026234AFC00F758C0 /* Info.plist */ = {isa = PBXFileReference; lastKnownFileType = text.plist.xml; path = Info.plist; sourceTree = "<group>"; };
		C2214B5526234AFC00F758C0 /* UserDefaultsUITests.xctest */ = {isa = PBXFileReference; explicitFileType = wrapper.cfbundle; includeInIndex = 0; path = UserDefaultsUITests.xctest; sourceTree = BUILT_PRODUCTS_DIR; };
		C2214B5926234AFC00F758C0 /* UserDefaultsUITests.swift */ = {isa = PBXFileReference; lastKnownFileType = sourcecode.swift; path = UserDefaultsUITests.swift; sourceTree = "<group>"; };
		C2214B5B26234AFC00F758C0 /* Info.plist */ = {isa = PBXFileReference; lastKnownFileType = text.plist.xml; path = Info.plist; sourceTree = "<group>"; };
		C2214B6A26234EF400F758C0 /* FakeUserDefaults.swift */ = {isa = PBXFileReference; lastKnownFileType = sourcecode.swift; path = FakeUserDefaults.swift; sourceTree = "<group>"; };
		C2214B6F26234FB300F758C0 /* ViewControllerTests.swift */ = {isa = PBXFileReference; lastKnownFileType = sourcecode.swift; path = ViewControllerTests.swift; sourceTree = "<group>"; };
		C2214B742623526D00F758C0 /* TestHelpers.swift */ = {isa = PBXFileReference; lastKnownFileType = sourcecode.swift; path = TestHelpers.swift; sourceTree = "<group>"; };
/* End PBXFileReference section */

/* Begin PBXFrameworksBuildPhase section */
		C2214B3126234AFB00F758C0 /* Frameworks */ = {
			isa = PBXFrameworksBuildPhase;
			buildActionMask = 2147483647;
			files = (
			);
			runOnlyForDeploymentPostprocessing = 0;
		};
		C2214B4726234AFC00F758C0 /* Frameworks */ = {
			isa = PBXFrameworksBuildPhase;
			buildActionMask = 2147483647;
			files = (
			);
			runOnlyForDeploymentPostprocessing = 0;
		};
		C2214B5226234AFC00F758C0 /* Frameworks */ = {
			isa = PBXFrameworksBuildPhase;
			buildActionMask = 2147483647;
			files = (
			);
			runOnlyForDeploymentPostprocessing = 0;
		};
/* End PBXFrameworksBuildPhase section */

/* Begin PBXGroup section */
		C2214B2B26234AFB00F758C0 = {
			isa = PBXGroup;
			children = (
				C2214B3626234AFB00F758C0 /* UserDefaults */,
				C2214B4D26234AFC00F758C0 /* UserDefaultsTests */,
				C2214B5826234AFC00F758C0 /* UserDefaultsUITests */,
				C2214B3526234AFB00F758C0 /* Products */,
			);
			sourceTree = "<group>";
		};
		C2214B3526234AFB00F758C0 /* Products */ = {
			isa = PBXGroup;
			children = (
				C2214B3426234AFB00F758C0 /* UserDefaults.app */,
				C2214B4A26234AFC00F758C0 /* UserDefaultsTests.xctest */,
				C2214B5526234AFC00F758C0 /* UserDefaultsUITests.xctest */,
			);
			name = Products;
			sourceTree = "<group>";
		};
		C2214B3626234AFB00F758C0 /* UserDefaults */ = {
			isa = PBXGroup;
			children = (
				C2214B3726234AFB00F758C0 /* AppDelegate.swift */,
				C2214B3926234AFB00F758C0 /* SceneDelegate.swift */,
				C2214B3B26234AFB00F758C0 /* ViewController.swift */,
				C2214B3D26234AFB00F758C0 /* Main.storyboard */,
				C2214B4026234AFC00F758C0 /* Assets.xcassets */,
				C2214B4226234AFC00F758C0 /* LaunchScreen.storyboard */,
				C2214B4526234AFC00F758C0 /* Info.plist */,
			);
			path = UserDefaults;
			sourceTree = "<group>";
		};
		C2214B4D26234AFC00F758C0 /* UserDefaultsTests */ = {
			isa = PBXGroup;
			children = (
				C2214B4E26234AFC00F758C0 /* UserDefaultsTests.swift */,
				C2214B5026234AFC00F758C0 /* Info.plist */,
				C2214B6A26234EF400F758C0 /* FakeUserDefaults.swift */,
				C2214B6F26234FB300F758C0 /* ViewControllerTests.swift */,
				C2214B742623526D00F758C0 /* TestHelpers.swift */,
			);
			path = UserDefaultsTests;
			sourceTree = "<group>";
		};
		C2214B5826234AFC00F758C0 /* UserDefaultsUITests */ = {
			isa = PBXGroup;
			children = (
				C2214B5926234AFC00F758C0 /* UserDefaultsUITests.swift */,
				C2214B5B26234AFC00F758C0 /* Info.plist */,
			);
			path = UserDefaultsUITests;
			sourceTree = "<group>";
		};
/* End PBXGroup section */

/* Begin PBXNativeTarget section */
		C2214B3326234AFB00F758C0 /* UserDefaults */ = {
			isa = PBXNativeTarget;
			buildConfigurationList = C2214B5E26234AFC00F758C0 /* Build configuration list for PBXNativeTarget "UserDefaults" */;
			buildPhases = (
				C2214B3026234AFB00F758C0 /* Sources */,
				C2214B3126234AFB00F758C0 /* Frameworks */,
				C2214B3226234AFB00F758C0 /* Resources */,
			);
			buildRules = (
			);
			dependencies = (
			);
			name = UserDefaults;
			productName = UserDefaults;
			productReference = C2214B3426234AFB00F758C0 /* UserDefaults.app */;
			productType = "com.apple.product-type.application";
		};
		C2214B4926234AFC00F758C0 /* UserDefaultsTests */ = {
			isa = PBXNativeTarget;
			buildConfigurationList = C2214B6126234AFC00F758C0 /* Build configuration list for PBXNativeTarget "UserDefaultsTests" */;
			buildPhases = (
				C2214B4626234AFC00F758C0 /* Sources */,
				C2214B4726234AFC00F758C0 /* Frameworks */,
				C2214B4826234AFC00F758C0 /* Resources */,
			);
			buildRules = (
			);
			dependencies = (
				C2214B4C26234AFC00F758C0 /* PBXTargetDependency */,
			);
			name = UserDefaultsTests;
			productName = UserDefaultsTests;
			productReference = C2214B4A26234AFC00F758C0 /* UserDefaultsTests.xctest */;
			productType = "com.apple.product-type.bundle.unit-test";
		};
		C2214B5426234AFC00F758C0 /* UserDefaultsUITests */ = {
			isa = PBXNativeTarget;
			buildConfigurationList = C2214B6426234AFC00F758C0 /* Build configuration list for PBXNativeTarget "UserDefaultsUITests" */;
			buildPhases = (
				C2214B5126234AFC00F758C0 /* Sources */,
				C2214B5226234AFC00F758C0 /* Frameworks */,
				C2214B5326234AFC00F758C0 /* Resources */,
			);
			buildRules = (
			);
			dependencies = (
				C2214B5726234AFC00F758C0 /* PBXTargetDependency */,
			);
			name = UserDefaultsUITests;
			productName = UserDefaultsUITests;
			productReference = C2214B5526234AFC00F758C0 /* UserDefaultsUITests.xctest */;
			productType = "com.apple.product-type.bundle.ui-testing";
		};
/* End PBXNativeTarget section */

/* Begin PBXProject section */
		C2214B2C26234AFB00F758C0 /* Project object */ = {
			isa = PBXProject;
			attributes = {
				LastSwiftUpdateCheck = 1240;
				LastUpgradeCheck = 1240;
				TargetAttributes = {
					C2214B3326234AFB00F758C0 = {
						CreatedOnToolsVersion = 12.4;
					};
					C2214B4926234AFC00F758C0 = {
						CreatedOnToolsVersion = 12.4;
						TestTargetID = C2214B3326234AFB00F758C0;
					};
					C2214B5426234AFC00F758C0 = {
						CreatedOnToolsVersion = 12.4;
						TestTargetID = C2214B3326234AFB00F758C0;
					};
				};
			};
			buildConfigurationList = C2214B2F26234AFB00F758C0 /* Build configuration list for PBXProject "UserDefaults" */;
			compatibilityVersion = "Xcode 9.3";
			developmentRegion = en;
			hasScannedForEncodings = 0;
			knownRegions = (
				en,
				Base,
			);
			mainGroup = C2214B2B26234AFB00F758C0;
			productRefGroup = C2214B3526234AFB00F758C0 /* Products */;
			projectDirPath = "";
			projectRoot = "";
			targets = (
				C2214B3326234AFB00F758C0 /* UserDefaults */,
				C2214B4926234AFC00F758C0 /* UserDefaultsTests */,
				C2214B5426234AFC00F758C0 /* UserDefaultsUITests */,
			);
		};
/* End PBXProject section */

/* Begin PBXResourcesBuildPhase section */
		C2214B3226234AFB00F758C0 /* Resources */ = {
			isa = PBXResourcesBuildPhase;
			buildActionMask = 2147483647;
			files = (
				C2214B4426234AFC00F758C0 /* LaunchScreen.storyboard in Resources */,
				C2214B4126234AFC00F758C0 /* Assets.xcassets in Resources */,
				C2214B3F26234AFB00F758C0 /* Main.storyboard in Resources */,
			);
			runOnlyForDeploymentPostprocessing = 0;
		};
		C2214B4826234AFC00F758C0 /* Resources */ = {
			isa = PBXResourcesBuildPhase;
			buildActionMask = 2147483647;
			files = (
			);
			runOnlyForDeploymentPostprocessing = 0;
		};
		C2214B5326234AFC00F758C0 /* Resources */ = {
			isa = PBXResourcesBuildPhase;
			buildActionMask = 2147483647;
			files = (
			);
			runOnlyForDeploymentPostprocessing = 0;
		};
/* End PBXResourcesBuildPhase section */

/* Begin PBXSourcesBuildPhase section */
		C2214B3026234AFB00F758C0 /* Sources */ = {
			isa = PBXSourcesBuildPhase;
			buildActionMask = 2147483647;
			files = (
				C2214B3C26234AFB00F758C0 /* ViewController.swift in Sources */,
				C2214B3826234AFB00F758C0 /* AppDelegate.swift in Sources */,
				C2214B3A26234AFB00F758C0 /* SceneDelegate.swift in Sources */,
			);
			runOnlyForDeploymentPostprocessing = 0;
		};
		C2214B4626234AFC00F758C0 /* Sources */ = {
			isa = PBXSourcesBuildPhase;
			buildActionMask = 2147483647;
			files = (
				C2214B7026234FB300F758C0 /* ViewControllerTests.swift in Sources */,
				C2214B4F26234AFC00F758C0 /* UserDefaultsTests.swift in Sources */,
				C2214B6B26234EF400F758C0 /* FakeUserDefaults.swift in Sources */,
				C2214B752623526D00F758C0 /* TestHelpers.swift in Sources */,
			);
			runOnlyForDeploymentPostprocessing = 0;
		};
		C2214B5126234AFC00F758C0 /* Sources */ = {
			isa = PBXSourcesBuildPhase;
			buildActionMask = 2147483647;
			files = (
				C2214B5A26234AFC00F758C0 /* UserDefaultsUITests.swift in Sources */,
			);
			runOnlyForDeploymentPostprocessing = 0;
		};
/* End PBXSourcesBuildPhase section */

/* Begin PBXTargetDependency section */
		C2214B4C26234AFC00F758C0 /* PBXTargetDependency */ = {
			isa = PBXTargetDependency;
			target = C2214B3326234AFB00F758C0 /* UserDefaults */;
			targetProxy = C2214B4B26234AFC00F758C0 /* PBXContainerItemProxy */;
		};
		C2214B5726234AFC00F758C0 /* PBXTargetDependency */ = {
			isa = PBXTargetDependency;
			target = C2214B3326234AFB00F758C0 /* UserDefaults */;
			targetProxy = C2214B5626234AFC00F758C0 /* PBXContainerItemProxy */;
		};
/* End PBXTargetDependency section */

/* Begin PBXVariantGroup section */
		C2214B3D26234AFB00F758C0 /* Main.storyboard */ = {
			isa = PBXVariantGroup;
			children = (
				C2214B3E26234AFB00F758C0 /* Base */,
			);
			name = Main.storyboard;
			sourceTree = "<group>";
		};
		C2214B4226234AFC00F758C0 /* LaunchScreen.storyboard */ = {
			isa = PBXVariantGroup;
			children = (
				C2214B4326234AFC00F758C0 /* Base */,
			);
			name = LaunchScreen.storyboard;
			sourceTree = "<group>";
		};
/* End PBXVariantGroup section */

/* Begin XCBuildConfiguration section */
		C2214B5C26234AFC00F758C0 /* Debug */ = {
			isa = XCBuildConfiguration;
			buildSettings = {
				ALWAYS_SEARCH_USER_PATHS = NO;
				CLANG_ANALYZER_NONNULL = YES;
				CLANG_ANALYZER_NUMBER_OBJECT_CONVERSION = YES_AGGRESSIVE;
				CLANG_CXX_LANGUAGE_STANDARD = "gnu++14";
				CLANG_CXX_LIBRARY = "libc++";
				CLANG_ENABLE_MODULES = YES;
				CLANG_ENABLE_OBJC_ARC = YES;
				CLANG_ENABLE_OBJC_WEAK = YES;
				CLANG_WARN_BLOCK_CAPTURE_AUTORELEASING = YES;
				CLANG_WARN_BOOL_CONVERSION = YES;
				CLANG_WARN_COMMA = YES;
				CLANG_WARN_CONSTANT_CONVERSION = YES;
				CLANG_WARN_DEPRECATED_OBJC_IMPLEMENTATIONS = YES;
				CLANG_WARN_DIRECT_OBJC_ISA_USAGE = YES_ERROR;
				CLANG_WARN_DOCUMENTATION_COMMENTS = YES;
				CLANG_WARN_EMPTY_BODY = YES;
				CLANG_WARN_ENUM_CONVERSION = YES;
				CLANG_WARN_INFINITE_RECURSION = YES;
				CLANG_WARN_INT_CONVERSION = YES;
				CLANG_WARN_NON_LITERAL_NULL_CONVERSION = YES;
				CLANG_WARN_OBJC_IMPLICIT_RETAIN_SELF = YES;
				CLANG_WARN_OBJC_LITERAL_CONVERSION = YES;
				CLANG_WARN_OBJC_ROOT_CLASS = YES_ERROR;
				CLANG_WARN_QUOTED_INCLUDE_IN_FRAMEWORK_HEADER = YES;
				CLANG_WARN_RANGE_LOOP_ANALYSIS = YES;
				CLANG_WARN_STRICT_PROTOTYPES = YES;
				CLANG_WARN_SUSPICIOUS_MOVE = YES;
				CLANG_WARN_UNGUARDED_AVAILABILITY = YES_AGGRESSIVE;
				CLANG_WARN_UNREACHABLE_CODE = YES;
				CLANG_WARN__DUPLICATE_METHOD_MATCH = YES;
				COPY_PHASE_STRIP = NO;
				DEBUG_INFORMATION_FORMAT = dwarf;
				ENABLE_STRICT_OBJC_MSGSEND = YES;
				ENABLE_TESTABILITY = YES;
				GCC_C_LANGUAGE_STANDARD = gnu11;
				GCC_DYNAMIC_NO_PIC = NO;
				GCC_NO_COMMON_BLOCKS = YES;
				GCC_OPTIMIZATION_LEVEL = 0;
				GCC_PREPROCESSOR_DEFINITIONS = (
					"DEBUG=1",
					"$(inherited)",
				);
				GCC_WARN_64_TO_32_BIT_CONVERSION = YES;
				GCC_WARN_ABOUT_RETURN_TYPE = YES_ERROR;
				GCC_WARN_UNDECLARED_SELECTOR = YES;
				GCC_WARN_UNINITIALIZED_AUTOS = YES_AGGRESSIVE;
				GCC_WARN_UNUSED_FUNCTION = YES;
				GCC_WARN_UNUSED_VARIABLE = YES;
				IPHONEOS_DEPLOYMENT_TARGET = 14.4;
				MTL_ENABLE_DEBUG_INFO = INCLUDE_SOURCE;
				MTL_FAST_MATH = YES;
				ONLY_ACTIVE_ARCH = YES;
				SDKROOT = iphoneos;
				SWIFT_ACTIVE_COMPILATION_CONDITIONS = DEBUG;
				SWIFT_OPTIMIZATION_LEVEL = "-Onone";
			};
			name = Debug;
		};
		C2214B5D26234AFC00F758C0 /* Release */ = {
			isa = XCBuildConfiguration;
			buildSettings = {
				ALWAYS_SEARCH_USER_PATHS = NO;
				CLANG_ANALYZER_NONNULL = YES;
				CLANG_ANALYZER_NUMBER_OBJECT_CONVERSION = YES_AGGRESSIVE;
				CLANG_CXX_LANGUAGE_STANDARD = "gnu++14";
				CLANG_CXX_LIBRARY = "libc++";
				CLANG_ENABLE_MODULES = YES;
				CLANG_ENABLE_OBJC_ARC = YES;
				CLANG_ENABLE_OBJC_WEAK = YES;
				CLANG_WARN_BLOCK_CAPTURE_AUTORELEASING = YES;
				CLANG_WARN_BOOL_CONVERSION = YES;
				CLANG_WARN_COMMA = YES;
				CLANG_WARN_CONSTANT_CONVERSION = YES;
				CLANG_WARN_DEPRECATED_OBJC_IMPLEMENTATIONS = YES;
				CLANG_WARN_DIRECT_OBJC_ISA_USAGE = YES_ERROR;
				CLANG_WARN_DOCUMENTATION_COMMENTS = YES;
				CLANG_WARN_EMPTY_BODY = YES;
				CLANG_WARN_ENUM_CONVERSION = YES;
				CLANG_WARN_INFINITE_RECURSION = YES;
				CLANG_WARN_INT_CONVERSION = YES;
				CLANG_WARN_NON_LITERAL_NULL_CONVERSION = YES;
				CLANG_WARN_OBJC_IMPLICIT_RETAIN_SELF = YES;
				CLANG_WARN_OBJC_LITERAL_CONVERSION = YES;
				CLANG_WARN_OBJC_ROOT_CLASS = YES_ERROR;
				CLANG_WARN_QUOTED_INCLUDE_IN_FRAMEWORK_HEADER = YES;
				CLANG_WARN_RANGE_LOOP_ANALYSIS = YES;
				CLANG_WARN_STRICT_PROTOTYPES = YES;
				CLANG_WARN_SUSPICIOUS_MOVE = YES;
				CLANG_WARN_UNGUARDED_AVAILABILITY = YES_AGGRESSIVE;
				CLANG_WARN_UNREACHABLE_CODE = YES;
				CLANG_WARN__DUPLICATE_METHOD_MATCH = YES;
				COPY_PHASE_STRIP = NO;
				DEBUG_INFORMATION_FORMAT = "dwarf-with-dsym";
				ENABLE_NS_ASSERTIONS = NO;
				ENABLE_STRICT_OBJC_MSGSEND = YES;
				GCC_C_LANGUAGE_STANDARD = gnu11;
				GCC_NO_COMMON_BLOCKS = YES;
				GCC_WARN_64_TO_32_BIT_CONVERSION = YES;
				GCC_WARN_ABOUT_RETURN_TYPE = YES_ERROR;
				GCC_WARN_UNDECLARED_SELECTOR = YES;
				GCC_WARN_UNINITIALIZED_AUTOS = YES_AGGRESSIVE;
				GCC_WARN_UNUSED_FUNCTION = YES;
				GCC_WARN_UNUSED_VARIABLE = YES;
				IPHONEOS_DEPLOYMENT_TARGET = 14.4;
				MTL_ENABLE_DEBUG_INFO = NO;
				MTL_FAST_MATH = YES;
				SDKROOT = iphoneos;
				SWIFT_COMPILATION_MODE = wholemodule;
				SWIFT_OPTIMIZATION_LEVEL = "-O";
				VALIDATE_PRODUCT = YES;
			};
			name = Release;
		};
		C2214B5F26234AFC00F758C0 /* Debug */ = {
			isa = XCBuildConfiguration;
			buildSettings = {
				ASSETCATALOG_COMPILER_APPICON_NAME = AppIcon;
				ASSETCATALOG_COMPILER_GLOBAL_ACCENT_COLOR_NAME = AccentColor;
				CODE_SIGN_STYLE = Automatic;
				DEVELOPMENT_TEAM = 9SM9DH3BE7;
				INFOPLIST_FILE = UserDefaults/Info.plist;
				LD_RUNPATH_SEARCH_PATHS = (
					"$(inherited)",
					"@executable_path/Frameworks",
				);
				PRODUCT_BUNDLE_IDENTIFIER = com.chia.UserDefaults;
				PRODUCT_NAME = "$(TARGET_NAME)";
				SWIFT_VERSION = 5.0;
				TARGETED_DEVICE_FAMILY = "1,2";
			};
			name = Debug;
		};
		C2214B6026234AFC00F758C0 /* Release */ = {
			isa = XCBuildConfiguration;
			buildSettings = {
				ASSETCATALOG_COMPILER_APPICON_NAME = AppIcon;
				ASSETCATALOG_COMPILER_GLOBAL_ACCENT_COLOR_NAME = AccentColor;
				CODE_SIGN_STYLE = Automatic;
				DEVELOPMENT_TEAM = 9SM9DH3BE7;
				INFOPLIST_FILE = UserDefaults/Info.plist;
				LD_RUNPATH_SEARCH_PATHS = (
					"$(inherited)",
					"@executable_path/Frameworks",
				);
				PRODUCT_BUNDLE_IDENTIFIER = com.chia.UserDefaults;
				PRODUCT_NAME = "$(TARGET_NAME)";
				SWIFT_VERSION = 5.0;
				TARGETED_DEVICE_FAMILY = "1,2";
			};
			name = Release;
		};
		C2214B6226234AFC00F758C0 /* Debug */ = {
			isa = XCBuildConfiguration;
			buildSettings = {
				ALWAYS_EMBED_SWIFT_STANDARD_LIBRARIES = YES;
				BUNDLE_LOADER = "$(TEST_HOST)";
				CODE_SIGN_STYLE = Automatic;
				DEVELOPMENT_TEAM = 9SM9DH3BE7;
				INFOPLIST_FILE = UserDefaultsTests/Info.plist;
				IPHONEOS_DEPLOYMENT_TARGET = 14.4;
				LD_RUNPATH_SEARCH_PATHS = (
					"$(inherited)",
					"@executable_path/Frameworks",
					"@loader_path/Frameworks",
				);
				PRODUCT_BUNDLE_IDENTIFIER = com.chia.UserDefaultsTests;
				PRODUCT_NAME = "$(TARGET_NAME)";
				SWIFT_VERSION = 5.0;
				TARGETED_DEVICE_FAMILY = "1,2";
				TEST_HOST = "$(BUILT_PRODUCTS_DIR)/UserDefaults.app/UserDefaults";
			};
			name = Debug;
		};
		C2214B6326234AFC00F758C0 /* Release */ = {
			isa = XCBuildConfiguration;
			buildSettings = {
				ALWAYS_EMBED_SWIFT_STANDARD_LIBRARIES = YES;
				BUNDLE_LOADER = "$(TEST_HOST)";
				CODE_SIGN_STYLE = Automatic;
				DEVELOPMENT_TEAM = 9SM9DH3BE7;
				INFOPLIST_FILE = UserDefaultsTests/Info.plist;
				IPHONEOS_DEPLOYMENT_TARGET = 14.4;
				LD_RUNPATH_SEARCH_PATHS = (
					"$(inherited)",
					"@executable_path/Frameworks",
					"@loader_path/Frameworks",
				);
				PRODUCT_BUNDLE_IDENTIFIER = com.chia.UserDefaultsTests;
				PRODUCT_NAME = "$(TARGET_NAME)";
				SWIFT_VERSION = 5.0;
				TARGETED_DEVICE_FAMILY = "1,2";
				TEST_HOST = "$(BUILT_PRODUCTS_DIR)/UserDefaults.app/UserDefaults";
			};
			name = Release;
		};
		C2214B6526234AFC00F758C0 /* Debug */ = {
			isa = XCBuildConfiguration;
			buildSettings = {
				ALWAYS_EMBED_SWIFT_STANDARD_LIBRARIES = YES;
				CODE_SIGN_STYLE = Automatic;
				DEVELOPMENT_TEAM = 9SM9DH3BE7;
				INFOPLIST_FILE = UserDefaultsUITests/Info.plist;
				LD_RUNPATH_SEARCH_PATHS = (
					"$(inherited)",
					"@executable_path/Frameworks",
					"@loader_path/Frameworks",
				);
				PRODUCT_BUNDLE_IDENTIFIER = com.chia.UserDefaultsUITests;
				PRODUCT_NAME = "$(TARGET_NAME)";
				SWIFT_VERSION = 5.0;
				TARGETED_DEVICE_FAMILY = "1,2";
				TEST_TARGET_NAME = UserDefaults;
			};
			name = Debug;
		};
		C2214B6626234AFC00F758C0 /* Release */ = {
			isa = XCBuildConfiguration;
			buildSettings = {
				ALWAYS_EMBED_SWIFT_STANDARD_LIBRARIES = YES;
				CODE_SIGN_STYLE = Automatic;
				DEVELOPMENT_TEAM = 9SM9DH3BE7;
				INFOPLIST_FILE = UserDefaultsUITests/Info.plist;
				LD_RUNPATH_SEARCH_PATHS = (
					"$(inherited)",
					"@executable_path/Frameworks",
					"@loader_path/Frameworks",
				);
				PRODUCT_BUNDLE_IDENTIFIER = com.chia.UserDefaultsUITests;
				PRODUCT_NAME = "$(TARGET_NAME)";
				SWIFT_VERSION = 5.0;
				TARGETED_DEVICE_FAMILY = "1,2";
				TEST_TARGET_NAME = UserDefaults;
			};
			name = Release;
		};
/* End XCBuildConfiguration section */

/* Begin XCConfigurationList section */
		C2214B2F26234AFB00F758C0 /* Build configuration list for PBXProject "UserDefaults" */ = {
			isa = XCConfigurationList;
			buildConfigurations = (
				C2214B5C26234AFC00F758C0 /* Debug */,
				C2214B5D26234AFC00F758C0 /* Release */,
			);
			defaultConfigurationIsVisible = 0;
			defaultConfigurationName = Release;
		};
		C2214B5E26234AFC00F758C0 /* Build configuration list for PBXNativeTarget "UserDefaults" */ = {
			isa = XCConfigurationList;
			buildConfigurations = (
				C2214B5F26234AFC00F758C0 /* Debug */,
				C2214B6026234AFC00F758C0 /* Release */,
			);
			defaultConfigurationIsVisible = 0;
			defaultConfigurationName = Release;
		};
		C2214B6126234AFC00F758C0 /* Build configuration list for PBXNativeTarget "UserDefaultsTests" */ = {
			isa = XCConfigurationList;
			buildConfigurations = (
				C2214B6226234AFC00F758C0 /* Debug */,
				C2214B6326234AFC00F758C0 /* Release */,
			);
			defaultConfigurationIsVisible = 0;
			defaultConfigurationName = Release;
		};
		C2214B6426234AFC00F758C0 /* Build configuration list for PBXNativeTarget "UserDefaultsUITests" */ = {
			isa = XCConfigurationList;
			buildConfigurations = (
				C2214B6526234AFC00F758C0 /* Debug */,
				C2214B6626234AFC00F758C0 /* Release */,
			);
			defaultConfigurationIsVisible = 0;
			defaultConfigurationName = Release;
		};
/* End XCConfigurationList section */
	};
	rootObject = C2214B2C26234AFB00F758C0 /* Project object */;
}
